// !$*UTF8*$!
{
	archiveVersion = 1;
	classes = {
	};
	objectVersion = 56;
	objects = {

/* Begin PBXBuildFile section */
		E46FD28C2AE7F3A0005C173A /* MainViewController.swift in Sources */ = {isa = PBXBuildFile; fileRef = E46FD28B2AE7F3A0005C173A /* MainViewController.swift */; };
		E46FD28E2AE7F796005C173A /* GoogleService-Info.plist in Resources */ = {isa = PBXBuildFile; fileRef = E46FD28D2AE7F796005C173A /* GoogleService-Info.plist */; };
		E46FD2922AE7F9A0005C173A /* FirebaseAuth in Frameworks */ = {isa = PBXBuildFile; productRef = E46FD2912AE7F9A0005C173A /* FirebaseAuth */; };
		E4E60ECE2AE796DE00C4F1C4 /* AppDelegate.swift in Sources */ = {isa = PBXBuildFile; fileRef = E4E60ECD2AE796DE00C4F1C4 /* AppDelegate.swift */; };
		E4E60ED02AE796DE00C4F1C4 /* SceneDelegate.swift in Sources */ = {isa = PBXBuildFile; fileRef = E4E60ECF2AE796DE00C4F1C4 /* SceneDelegate.swift */; };
		E4E60ED22AE796DE00C4F1C4 /* ViewController.swift in Sources */ = {isa = PBXBuildFile; fileRef = E4E60ED12AE796DE00C4F1C4 /* ViewController.swift */; };
		E4E60ED52AE796DE00C4F1C4 /* Main.storyboard in Resources */ = {isa = PBXBuildFile; fileRef = E4E60ED32AE796DE00C4F1C4 /* Main.storyboard */; };
		E4E60ED72AE796DF00C4F1C4 /* Assets.xcassets in Resources */ = {isa = PBXBuildFile; fileRef = E4E60ED62AE796DF00C4F1C4 /* Assets.xcassets */; };
		E4E60EDA2AE796DF00C4F1C4 /* LaunchScreen.storyboard in Resources */ = {isa = PBXBuildFile; fileRef = E4E60ED82AE796DF00C4F1C4 /* LaunchScreen.storyboard */; };
		E4E60EE52AE796DF00C4F1C4 /* FireBase_AuthTests.swift in Sources */ = {isa = PBXBuildFile; fileRef = E4E60EE42AE796DF00C4F1C4 /* FireBase_AuthTests.swift */; };
		E4E60EEF2AE796DF00C4F1C4 /* FireBase_AuthUITests.swift in Sources */ = {isa = PBXBuildFile; fileRef = E4E60EEE2AE796DF00C4F1C4 /* FireBase_AuthUITests.swift */; };
		E4E60EF12AE796DF00C4F1C4 /* FireBase_AuthUITestsLaunchTests.swift in Sources */ = {isa = PBXBuildFile; fileRef = E4E60EF02AE796DF00C4F1C4 /* FireBase_AuthUITestsLaunchTests.swift */; };
		E4E60EFE2AE7996900C4F1C4 /* LoginViewController.swift in Sources */ = {isa = PBXBuildFile; fileRef = E4E60EFD2AE7996900C4F1C4 /* LoginViewController.swift */; };
		E4E60F002AE7997300C4F1C4 /* SignUpViewController.swift in Sources */ = {isa = PBXBuildFile; fileRef = E4E60EFF2AE7997300C4F1C4 /* SignUpViewController.swift */; };
/* End PBXBuildFile section */

/* Begin PBXContainerItemProxy section */
		E4E60EE12AE796DF00C4F1C4 /* PBXContainerItemProxy */ = {
			isa = PBXContainerItemProxy;
			containerPortal = E4E60EC22AE796DE00C4F1C4 /* Project object */;
			proxyType = 1;
			remoteGlobalIDString = E4E60EC92AE796DE00C4F1C4;
			remoteInfo = "FireBase-Auth";
		};
		E4E60EEB2AE796DF00C4F1C4 /* PBXContainerItemProxy */ = {
			isa = PBXContainerItemProxy;
			containerPortal = E4E60EC22AE796DE00C4F1C4 /* Project object */;
			proxyType = 1;
			remoteGlobalIDString = E4E60EC92AE796DE00C4F1C4;
			remoteInfo = "FireBase-Auth";
		};
/* End PBXContainerItemProxy section */

/* Begin PBXFileReference section */
		E46FD28B2AE7F3A0005C173A /* MainViewController.swift */ = {isa = PBXFileReference; lastKnownFileType = sourcecode.swift; path = MainViewController.swift; sourceTree = "<group>"; };
		E46FD28D2AE7F796005C173A /* GoogleService-Info.plist */ = {isa = PBXFileReference; fileEncoding = 4; lastKnownFileType = text.plist.xml; path = "GoogleService-Info.plist"; sourceTree = "<group>"; };
		E4E60ECA2AE796DE00C4F1C4 /* FireBase-Auth.app */ = {isa = PBXFileReference; explicitFileType = wrapper.application; includeInIndex = 0; path = "FireBase-Auth.app"; sourceTree = BUILT_PRODUCTS_DIR; };
		E4E60ECD2AE796DE00C4F1C4 /* AppDelegate.swift */ = {isa = PBXFileReference; lastKnownFileType = sourcecode.swift; path = AppDelegate.swift; sourceTree = "<group>"; };
		E4E60ECF2AE796DE00C4F1C4 /* SceneDelegate.swift */ = {isa = PBXFileReference; lastKnownFileType = sourcecode.swift; path = SceneDelegate.swift; sourceTree = "<group>"; };
		E4E60ED12AE796DE00C4F1C4 /* ViewController.swift */ = {isa = PBXFileReference; lastKnownFileType = sourcecode.swift; path = ViewController.swift; sourceTree = "<group>"; };
		E4E60ED42AE796DE00C4F1C4 /* Base */ = {isa = PBXFileReference; lastKnownFileType = file.storyboard; name = Base; path = Base.lproj/Main.storyboard; sourceTree = "<group>"; };
		E4E60ED62AE796DF00C4F1C4 /* Assets.xcassets */ = {isa = PBXFileReference; lastKnownFileType = folder.assetcatalog; path = Assets.xcassets; sourceTree = "<group>"; };
		E4E60ED92AE796DF00C4F1C4 /* Base */ = {isa = PBXFileReference; lastKnownFileType = file.storyboard; name = Base; path = Base.lproj/LaunchScreen.storyboard; sourceTree = "<group>"; };
		E4E60EDB2AE796DF00C4F1C4 /* Info.plist */ = {isa = PBXFileReference; lastKnownFileType = text.plist.xml; path = Info.plist; sourceTree = "<group>"; };
		E4E60EE02AE796DF00C4F1C4 /* FireBase-AuthTests.xctest */ = {isa = PBXFileReference; explicitFileType = wrapper.cfbundle; includeInIndex = 0; path = "FireBase-AuthTests.xctest"; sourceTree = BUILT_PRODUCTS_DIR; };
		E4E60EE42AE796DF00C4F1C4 /* FireBase_AuthTests.swift */ = {isa = PBXFileReference; lastKnownFileType = sourcecode.swift; path = FireBase_AuthTests.swift; sourceTree = "<group>"; };
		E4E60EEA2AE796DF00C4F1C4 /* FireBase-AuthUITests.xctest */ = {isa = PBXFileReference; explicitFileType = wrapper.cfbundle; includeInIndex = 0; path = "FireBase-AuthUITests.xctest"; sourceTree = BUILT_PRODUCTS_DIR; };
		E4E60EEE2AE796DF00C4F1C4 /* FireBase_AuthUITests.swift */ = {isa = PBXFileReference; lastKnownFileType = sourcecode.swift; path = FireBase_AuthUITests.swift; sourceTree = "<group>"; };
		E4E60EF02AE796DF00C4F1C4 /* FireBase_AuthUITestsLaunchTests.swift */ = {isa = PBXFileReference; lastKnownFileType = sourcecode.swift; path = FireBase_AuthUITestsLaunchTests.swift; sourceTree = "<group>"; };
		E4E60EFD2AE7996900C4F1C4 /* LoginViewController.swift */ = {isa = PBXFileReference; lastKnownFileType = sourcecode.swift; path = LoginViewController.swift; sourceTree = "<group>"; };
		E4E60EFF2AE7997300C4F1C4 /* SignUpViewController.swift */ = {isa = PBXFileReference; lastKnownFileType = sourcecode.swift; path = SignUpViewController.swift; sourceTree = "<group>"; };
/* End PBXFileReference section */

/* Begin PBXFrameworksBuildPhase section */
		E4E60EC72AE796DE00C4F1C4 /* Frameworks */ = {
			isa = PBXFrameworksBuildPhase;
			buildActionMask = 2147483647;
			files = (
				E46FD2922AE7F9A0005C173A /* FirebaseAuth in Frameworks */,
			);
			runOnlyForDeploymentPostprocessing = 0;
		};
		E4E60EDD2AE796DF00C4F1C4 /* Frameworks */ = {
			isa = PBXFrameworksBuildPhase;
			buildActionMask = 2147483647;
			files = (
			);
			runOnlyForDeploymentPostprocessing = 0;
		};
		E4E60EE72AE796DF00C4F1C4 /* Frameworks */ = {
			isa = PBXFrameworksBuildPhase;
			buildActionMask = 2147483647;
			files = (
			);
			runOnlyForDeploymentPostprocessing = 0;
		};
/* End PBXFrameworksBuildPhase section */

/* Begin PBXGroup section */
		E46FD2902AE7F9A0005C173A /* Frameworks */ = {
			isa = PBXGroup;
			children = (
			);
			name = Frameworks;
			sourceTree = "<group>";
		};
		E4E60EC12AE796DE00C4F1C4 = {
			isa = PBXGroup;
			children = (
				E4E60ECC2AE796DE00C4F1C4 /* FireBase-Auth */,
				E4E60EE32AE796DF00C4F1C4 /* FireBase-AuthTests */,
				E4E60EED2AE796DF00C4F1C4 /* FireBase-AuthUITests */,
				E4E60ECB2AE796DE00C4F1C4 /* Products */,
				E46FD2902AE7F9A0005C173A /* Frameworks */,
			);
			sourceTree = "<group>";
		};
		E4E60ECB2AE796DE00C4F1C4 /* Products */ = {
			isa = PBXGroup;
			children = (
				E4E60ECA2AE796DE00C4F1C4 /* FireBase-Auth.app */,
				E4E60EE02AE796DF00C4F1C4 /* FireBase-AuthTests.xctest */,
				E4E60EEA2AE796DF00C4F1C4 /* FireBase-AuthUITests.xctest */,
			);
			name = Products;
			sourceTree = "<group>";
		};
		E4E60ECC2AE796DE00C4F1C4 /* FireBase-Auth */ = {
			isa = PBXGroup;
			children = (
				E4E60ECD2AE796DE00C4F1C4 /* AppDelegate.swift */,
				E4E60ECF2AE796DE00C4F1C4 /* SceneDelegate.swift */,
				E4E60ED12AE796DE00C4F1C4 /* ViewController.swift */,
				E4E60EFD2AE7996900C4F1C4 /* LoginViewController.swift */,
				E4E60EFF2AE7997300C4F1C4 /* SignUpViewController.swift */,
				E46FD28B2AE7F3A0005C173A /* MainViewController.swift */,
				E4E60ED32AE796DE00C4F1C4 /* Main.storyboard */,
				E4E60ED62AE796DF00C4F1C4 /* Assets.xcassets */,
				E4E60ED82AE796DF00C4F1C4 /* LaunchScreen.storyboard */,
				E46FD28D2AE7F796005C173A /* GoogleService-Info.plist */,
				E4E60EDB2AE796DF00C4F1C4 /* Info.plist */,
			);
			path = "FireBase-Auth";
			sourceTree = "<group>";
		};
		E4E60EE32AE796DF00C4F1C4 /* FireBase-AuthTests */ = {
			isa = PBXGroup;
			children = (
				E4E60EE42AE796DF00C4F1C4 /* FireBase_AuthTests.swift */,
			);
			path = "FireBase-AuthTests";
			sourceTree = "<group>";
		};
		E4E60EED2AE796DF00C4F1C4 /* FireBase-AuthUITests */ = {
			isa = PBXGroup;
			children = (
				E4E60EEE2AE796DF00C4F1C4 /* FireBase_AuthUITests.swift */,
				E4E60EF02AE796DF00C4F1C4 /* FireBase_AuthUITestsLaunchTests.swift */,
			);
			path = "FireBase-AuthUITests";
			sourceTree = "<group>";
		};
/* End PBXGroup section */

/* Begin PBXNativeTarget section */
		E4E60EC92AE796DE00C4F1C4 /* FireBase-Auth */ = {
			isa = PBXNativeTarget;
			buildConfigurationList = E4E60EF42AE796DF00C4F1C4 /* Build configuration list for PBXNativeTarget "FireBase-Auth" */;
			buildPhases = (
				E4E60EC62AE796DE00C4F1C4 /* Sources */,
				E4E60EC72AE796DE00C4F1C4 /* Frameworks */,
				E4E60EC82AE796DE00C4F1C4 /* Resources */,
			);
			buildRules = (
			);
			dependencies = (
			);
			name = "FireBase-Auth";
			packageProductDependencies = (
				E46FD2912AE7F9A0005C173A /* FirebaseAuth */,
			);
			productName = "FireBase-Auth";
			productReference = E4E60ECA2AE796DE00C4F1C4 /* FireBase-Auth.app */;
			productType = "com.apple.product-type.application";
		};
		E4E60EDF2AE796DF00C4F1C4 /* FireBase-AuthTests */ = {
			isa = PBXNativeTarget;
			buildConfigurationList = E4E60EF72AE796DF00C4F1C4 /* Build configuration list for PBXNativeTarget "FireBase-AuthTests" */;
			buildPhases = (
				E4E60EDC2AE796DF00C4F1C4 /* Sources */,
				E4E60EDD2AE796DF00C4F1C4 /* Frameworks */,
				E4E60EDE2AE796DF00C4F1C4 /* Resources */,
			);
			buildRules = (
			);
			dependencies = (
				E4E60EE22AE796DF00C4F1C4 /* PBXTargetDependency */,
			);
			name = "FireBase-AuthTests";
			productName = "FireBase-AuthTests";
			productReference = E4E60EE02AE796DF00C4F1C4 /* FireBase-AuthTests.xctest */;
			productType = "com.apple.product-type.bundle.unit-test";
		};
		E4E60EE92AE796DF00C4F1C4 /* FireBase-AuthUITests */ = {
			isa = PBXNativeTarget;
			buildConfigurationList = E4E60EFA2AE796DF00C4F1C4 /* Build configuration list for PBXNativeTarget "FireBase-AuthUITests" */;
			buildPhases = (
				E4E60EE62AE796DF00C4F1C4 /* Sources */,
				E4E60EE72AE796DF00C4F1C4 /* Frameworks */,
				E4E60EE82AE796DF00C4F1C4 /* Resources */,
			);
			buildRules = (
			);
			dependencies = (
				E4E60EEC2AE796DF00C4F1C4 /* PBXTargetDependency */,
			);
			name = "FireBase-AuthUITests";
			productName = "FireBase-AuthUITests";
			productReference = E4E60EEA2AE796DF00C4F1C4 /* FireBase-AuthUITests.xctest */;
			productType = "com.apple.product-type.bundle.ui-testing";
		};
/* End PBXNativeTarget section */

/* Begin PBXProject section */
		E4E60EC22AE796DE00C4F1C4 /* Project object */ = {
			isa = PBXProject;
			attributes = {
				BuildIndependentTargetsInParallel = 1;
				LastSwiftUpdateCheck = 1500;
				LastUpgradeCheck = 1500;
				TargetAttributes = {
					E4E60EC92AE796DE00C4F1C4 = {
						CreatedOnToolsVersion = 15.0.1;
					};
					E4E60EDF2AE796DF00C4F1C4 = {
						CreatedOnToolsVersion = 15.0.1;
						TestTargetID = E4E60EC92AE796DE00C4F1C4;
					};
					E4E60EE92AE796DF00C4F1C4 = {
						CreatedOnToolsVersion = 15.0.1;
						TestTargetID = E4E60EC92AE796DE00C4F1C4;
					};
				};
			};
			buildConfigurationList = E4E60EC52AE796DE00C4F1C4 /* Build configuration list for PBXProject "FireBase-Auth" */;
			compatibilityVersion = "Xcode 14.0";
			developmentRegion = en;
			hasScannedForEncodings = 0;
			knownRegions = (
				en,
				Base,
			);
			mainGroup = E4E60EC12AE796DE00C4F1C4;
			packageReferences = (
				E46FD28F2AE7F94B005C173A /* XCRemoteSwiftPackageReference "firebase-ios-sdk" */,
			);
			productRefGroup = E4E60ECB2AE796DE00C4F1C4 /* Products */;
			projectDirPath = "";
			projectRoot = "";
			targets = (
				E4E60EC92AE796DE00C4F1C4 /* FireBase-Auth */,
				E4E60EDF2AE796DF00C4F1C4 /* FireBase-AuthTests */,
				E4E60EE92AE796DF00C4F1C4 /* FireBase-AuthUITests */,
			);
		};
/* End PBXProject section */

/* Begin PBXResourcesBuildPhase section */
		E4E60EC82AE796DE00C4F1C4 /* Resources */ = {
			isa = PBXResourcesBuildPhase;
			buildActionMask = 2147483647;
			files = (
				E4E60EDA2AE796DF00C4F1C4 /* LaunchScreen.storyboard in Resources */,
				E46FD28E2AE7F796005C173A /* GoogleService-Info.plist in Resources */,
				E4E60ED72AE796DF00C4F1C4 /* Assets.xcassets in Resources */,
				E4E60ED52AE796DE00C4F1C4 /* Main.storyboard in Resources */,
			);
			runOnlyForDeploymentPostprocessing = 0;
		};
		E4E60EDE2AE796DF00C4F1C4 /* Resources */ = {
			isa = PBXResourcesBuildPhase;
			buildActionMask = 2147483647;
			files = (
			);
			runOnlyForDeploymentPostprocessing = 0;
		};
		E4E60EE82AE796DF00C4F1C4 /* Resources */ = {
			isa = PBXResourcesBuildPhase;
			buildActionMask = 2147483647;
			files = (
			);
			runOnlyForDeploymentPostprocessing = 0;
		};
/* End PBXResourcesBuildPhase section */

/* Begin PBXSourcesBuildPhase section */
		E4E60EC62AE796DE00C4F1C4 /* Sources */ = {
			isa = PBXSourcesBuildPhase;
			buildActionMask = 2147483647;
			files = (
				E4E60EFE2AE7996900C4F1C4 /* LoginViewController.swift in Sources */,
				E4E60ED22AE796DE00C4F1C4 /* ViewController.swift in Sources */,
				E4E60ECE2AE796DE00C4F1C4 /* AppDelegate.swift in Sources */,
				E46FD28C2AE7F3A0005C173A /* MainViewController.swift in Sources */,
				E4E60ED02AE796DE00C4F1C4 /* SceneDelegate.swift in Sources */,
				E4E60F002AE7997300C4F1C4 /* SignUpViewController.swift in Sources */,
			);
			runOnlyForDeploymentPostprocessing = 0;
		};
		E4E60EDC2AE796DF00C4F1C4 /* Sources */ = {
			isa = PBXSourcesBuildPhase;
			buildActionMask = 2147483647;
			files = (
				E4E60EE52AE796DF00C4F1C4 /* FireBase_AuthTests.swift in Sources */,
			);
			runOnlyForDeploymentPostprocessing = 0;
		};
		E4E60EE62AE796DF00C4F1C4 /* Sources */ = {
			isa = PBXSourcesBuildPhase;
			buildActionMask = 2147483647;
			files = (
				E4E60EEF2AE796DF00C4F1C4 /* FireBase_AuthUITests.swift in Sources */,
				E4E60EF12AE796DF00C4F1C4 /* FireBase_AuthUITestsLaunchTests.swift in Sources */,
			);
			runOnlyForDeploymentPostprocessing = 0;
		};
/* End PBXSourcesBuildPhase section */

/* Begin PBXTargetDependency section */
		E4E60EE22AE796DF00C4F1C4 /* PBXTargetDependency */ = {
			isa = PBXTargetDependency;
			target = E4E60EC92AE796DE00C4F1C4 /* FireBase-Auth */;
			targetProxy = E4E60EE12AE796DF00C4F1C4 /* PBXContainerItemProxy */;
		};
		E4E60EEC2AE796DF00C4F1C4 /* PBXTargetDependency */ = {
			isa = PBXTargetDependency;
			target = E4E60EC92AE796DE00C4F1C4 /* FireBase-Auth */;
			targetProxy = E4E60EEB2AE796DF00C4F1C4 /* PBXContainerItemProxy */;
		};
/* End PBXTargetDependency section */

/* Begin PBXVariantGroup section */
		E4E60ED32AE796DE00C4F1C4 /* Main.storyboard */ = {
			isa = PBXVariantGroup;
			children = (
				E4E60ED42AE796DE00C4F1C4 /* Base */,
			);
			name = Main.storyboard;
			sourceTree = "<group>";
		};
		E4E60ED82AE796DF00C4F1C4 /* LaunchScreen.storyboard */ = {
			isa = PBXVariantGroup;
			children = (
				E4E60ED92AE796DF00C4F1C4 /* Base */,
			);
			name = LaunchScreen.storyboard;
			sourceTree = "<group>";
		};
/* End PBXVariantGroup section */

/* Begin XCBuildConfiguration section */
		E4E60EF22AE796DF00C4F1C4 /* Debug */ = {
			isa = XCBuildConfiguration;
			buildSettings = {
				ALWAYS_SEARCH_USER_PATHS = NO;
				ASSETCATALOG_COMPILER_GENERATE_SWIFT_ASSET_SYMBOL_EXTENSIONS = YES;
				CLANG_ANALYZER_NONNULL = YES;
				CLANG_ANALYZER_NUMBER_OBJECT_CONVERSION = YES_AGGRESSIVE;
				CLANG_CXX_LANGUAGE_STANDARD = "gnu++20";
				CLANG_ENABLE_MODULES = YES;
				CLANG_ENABLE_OBJC_ARC = YES;
				CLANG_ENABLE_OBJC_WEAK = YES;
				CLANG_WARN_BLOCK_CAPTURE_AUTORELEASING = YES;
				CLANG_WARN_BOOL_CONVERSION = YES;
				CLANG_WARN_COMMA = YES;
				CLANG_WARN_CONSTANT_CONVERSION = YES;
				CLANG_WARN_DEPRECATED_OBJC_IMPLEMENTATIONS = YES;
				CLANG_WARN_DIRECT_OBJC_ISA_USAGE = YES_ERROR;
				CLANG_WARN_DOCUMENTATION_COMMENTS = YES;
				CLANG_WARN_EMPTY_BODY = YES;
				CLANG_WARN_ENUM_CONVERSION = YES;
				CLANG_WARN_INFINITE_RECURSION = YES;
				CLANG_WARN_INT_CONVERSION = YES;
				CLANG_WARN_NON_LITERAL_NULL_CONVERSION = YES;
				CLANG_WARN_OBJC_IMPLICIT_RETAIN_SELF = YES;
				CLANG_WARN_OBJC_LITERAL_CONVERSION = YES;
				CLANG_WARN_OBJC_ROOT_CLASS = YES_ERROR;
				CLANG_WARN_QUOTED_INCLUDE_IN_FRAMEWORK_HEADER = YES;
				CLANG_WARN_RANGE_LOOP_ANALYSIS = YES;
				CLANG_WARN_STRICT_PROTOTYPES = YES;
				CLANG_WARN_SUSPICIOUS_MOVE = YES;
				CLANG_WARN_UNGUARDED_AVAILABILITY = YES_AGGRESSIVE;
				CLANG_WARN_UNREACHABLE_CODE = YES;
				CLANG_WARN__DUPLICATE_METHOD_MATCH = YES;
				COPY_PHASE_STRIP = NO;
				DEBUG_INFORMATION_FORMAT = dwarf;
				ENABLE_STRICT_OBJC_MSGSEND = YES;
				ENABLE_TESTABILITY = YES;
				ENABLE_USER_SCRIPT_SANDBOXING = YES;
				GCC_C_LANGUAGE_STANDARD = gnu17;
				GCC_DYNAMIC_NO_PIC = NO;
				GCC_NO_COMMON_BLOCKS = YES;
				GCC_OPTIMIZATION_LEVEL = 0;
				GCC_PREPROCESSOR_DEFINITIONS = (
					"DEBUG=1",
					"$(inherited)",
				);
				GCC_WARN_64_TO_32_BIT_CONVERSION = YES;
				GCC_WARN_ABOUT_RETURN_TYPE = YES_ERROR;
				GCC_WARN_UNDECLARED_SELECTOR = YES;
				GCC_WARN_UNINITIALIZED_AUTOS = YES_AGGRESSIVE;
				GCC_WARN_UNUSED_FUNCTION = YES;
				GCC_WARN_UNUSED_VARIABLE = YES;
				IPHONEOS_DEPLOYMENT_TARGET = 17.0;
				LOCALIZATION_PREFERS_STRING_CATALOGS = YES;
				MTL_ENABLE_DEBUG_INFO = INCLUDE_SOURCE;
				MTL_FAST_MATH = YES;
				ONLY_ACTIVE_ARCH = YES;
				SDKROOT = iphoneos;
				SWIFT_ACTIVE_COMPILATION_CONDITIONS = "DEBUG $(inherited)";
				SWIFT_OPTIMIZATION_LEVEL = "-Onone";
			};
			name = Debug;
		};
		E4E60EF32AE796DF00C4F1C4 /* Release */ = {
			isa = XCBuildConfiguration;
			buildSettings = {
				ALWAYS_SEARCH_USER_PATHS = NO;
				ASSETCATALOG_COMPILER_GENERATE_SWIFT_ASSET_SYMBOL_EXTENSIONS = YES;
				CLANG_ANALYZER_NONNULL = YES;
				CLANG_ANALYZER_NUMBER_OBJECT_CONVERSION = YES_AGGRESSIVE;
				CLANG_CXX_LANGUAGE_STANDARD = "gnu++20";
				CLANG_ENABLE_MODULES = YES;
				CLANG_ENABLE_OBJC_ARC = YES;
				CLANG_ENABLE_OBJC_WEAK = YES;
				CLANG_WARN_BLOCK_CAPTURE_AUTORELEASING = YES;
				CLANG_WARN_BOOL_CONVERSION = YES;
				CLANG_WARN_COMMA = YES;
				CLANG_WARN_CONSTANT_CONVERSION = YES;
				CLANG_WARN_DEPRECATED_OBJC_IMPLEMENTATIONS = YES;
				CLANG_WARN_DIRECT_OBJC_ISA_USAGE = YES_ERROR;
				CLANG_WARN_DOCUMENTATION_COMMENTS = YES;
				CLANG_WARN_EMPTY_BODY = YES;
				CLANG_WARN_ENUM_CONVERSION = YES;
				CLANG_WARN_INFINITE_RECURSION = YES;
				CLANG_WARN_INT_CONVERSION = YES;
				CLANG_WARN_NON_LITERAL_NULL_CONVERSION = YES;
				CLANG_WARN_OBJC_IMPLICIT_RETAIN_SELF = YES;
				CLANG_WARN_OBJC_LITERAL_CONVERSION = YES;
				CLANG_WARN_OBJC_ROOT_CLASS = YES_ERROR;
				CLANG_WARN_QUOTED_INCLUDE_IN_FRAMEWORK_HEADER = YES;
				CLANG_WARN_RANGE_LOOP_ANALYSIS = YES;
				CLANG_WARN_STRICT_PROTOTYPES = YES;
				CLANG_WARN_SUSPICIOUS_MOVE = YES;
				CLANG_WARN_UNGUARDED_AVAILABILITY = YES_AGGRESSIVE;
				CLANG_WARN_UNREACHABLE_CODE = YES;
				CLANG_WARN__DUPLICATE_METHOD_MATCH = YES;
				COPY_PHASE_STRIP = NO;
				DEBUG_INFORMATION_FORMAT = "dwarf-with-dsym";
				ENABLE_NS_ASSERTIONS = NO;
				ENABLE_STRICT_OBJC_MSGSEND = YES;
				ENABLE_USER_SCRIPT_SANDBOXING = YES;
				GCC_C_LANGUAGE_STANDARD = gnu17;
				GCC_NO_COMMON_BLOCKS = YES;
				GCC_WARN_64_TO_32_BIT_CONVERSION = YES;
				GCC_WARN_ABOUT_RETURN_TYPE = YES_ERROR;
				GCC_WARN_UNDECLARED_SELECTOR = YES;
				GCC_WARN_UNINITIALIZED_AUTOS = YES_AGGRESSIVE;
				GCC_WARN_UNUSED_FUNCTION = YES;
				GCC_WARN_UNUSED_VARIABLE = YES;
				IPHONEOS_DEPLOYMENT_TARGET = 17.0;
				LOCALIZATION_PREFERS_STRING_CATALOGS = YES;
				MTL_ENABLE_DEBUG_INFO = NO;
				MTL_FAST_MATH = YES;
				SDKROOT = iphoneos;
				SWIFT_COMPILATION_MODE = wholemodule;
				VALIDATE_PRODUCT = YES;
			};
			name = Release;
		};
		E4E60EF52AE796DF00C4F1C4 /* Debug */ = {
			isa = XCBuildConfiguration;
			buildSettings = {
				ASSETCATALOG_COMPILER_APPICON_NAME = AppIcon;
				ASSETCATALOG_COMPILER_GLOBAL_ACCENT_COLOR_NAME = AccentColor;
				CODE_SIGN_STYLE = Automatic;
				CURRENT_PROJECT_VERSION = 1;
				GENERATE_INFOPLIST_FILE = YES;
				INFOPLIST_FILE = "FireBase-Auth/Info.plist";
				INFOPLIST_KEY_UIApplicationSupportsIndirectInputEvents = YES;
				INFOPLIST_KEY_UILaunchStoryboardName = LaunchScreen;
				INFOPLIST_KEY_UIMainStoryboardFile = Main;
				INFOPLIST_KEY_UISupportedInterfaceOrientations_iPad = "UIInterfaceOrientationPortrait UIInterfaceOrientationPortraitUpsideDown UIInterfaceOrientationLandscapeLeft UIInterfaceOrientationLandscapeRight";
				INFOPLIST_KEY_UISupportedInterfaceOrientations_iPhone = "UIInterfaceOrientationPortrait UIInterfaceOrientationLandscapeLeft UIInterfaceOrientationLandscapeRight";
				LD_RUNPATH_SEARCH_PATHS = (
					"$(inherited)",
					"@executable_path/Frameworks",
				);
				MARKETING_VERSION = 1.0;
				PRODUCT_BUNDLE_IDENTIFIER = "Rutvik-Pipaliya.FireBase-Auth";
				PRODUCT_NAME = "$(TARGET_NAME)";
				SWIFT_EMIT_LOC_STRINGS = YES;
				SWIFT_VERSION = 5.0;
				TARGETED_DEVICE_FAMILY = "1,2";
			};
			name = Debug;
		};
		E4E60EF62AE796DF00C4F1C4 /* Release */ = {
			isa = XCBuildConfiguration;
			buildSettings = {
				ASSETCATALOG_COMPILER_APPICON_NAME = AppIcon;
				ASSETCATALOG_COMPILER_GLOBAL_ACCENT_COLOR_NAME = AccentColor;
				CODE_SIGN_STYLE = Automatic;
				CURRENT_PROJECT_VERSION = 1;
				GENERATE_INFOPLIST_FILE = YES;
				INFOPLIST_FILE = "FireBase-Auth/Info.plist";
				INFOPLIST_KEY_UIApplicationSupportsIndirectInputEvents = YES;
				INFOPLIST_KEY_UILaunchStoryboardName = LaunchScreen;
				INFOPLIST_KEY_UIMainStoryboardFile = Main;
				INFOPLIST_KEY_UISupportedInterfaceOrientations_iPad = "UIInterfaceOrientationPortrait UIInterfaceOrientationPortraitUpsideDown UIInterfaceOrientationLandscapeLeft UIInterfaceOrientationLandscapeRight";
				INFOPLIST_KEY_UISupportedInterfaceOrientations_iPhone = "UIInterfaceOrientationPortrait UIInterfaceOrientationLandscapeLeft UIInterfaceOrientationLandscapeRight";
				LD_RUNPATH_SEARCH_PATHS = (
					"$(inherited)",
					"@executable_path/Frameworks",
				);
				MARKETING_VERSION = 1.0;
				PRODUCT_BUNDLE_IDENTIFIER = "Rutvik-Pipaliya.FireBase-Auth";
				PRODUCT_NAME = "$(TARGET_NAME)";
				SWIFT_EMIT_LOC_STRINGS = YES;
				SWIFT_VERSION = 5.0;
				TARGETED_DEVICE_FAMILY = "1,2";
			};
			name = Release;
		};
		E4E60EF82AE796DF00C4F1C4 /* Debug */ = {
			isa = XCBuildConfiguration;
			buildSettings = {
				ALWAYS_EMBED_SWIFT_STANDARD_LIBRARIES = YES;
				BUNDLE_LOADER = "$(TEST_HOST)";
				CODE_SIGN_STYLE = Automatic;
				CURRENT_PROJECT_VERSION = 1;
				GENERATE_INFOPLIST_FILE = YES;
				IPHONEOS_DEPLOYMENT_TARGET = 17.0;
				MARKETING_VERSION = 1.0;
				PRODUCT_BUNDLE_IDENTIFIER = "Rutvik-Pipaliya.FireBase-AuthTests";
				PRODUCT_NAME = "$(TARGET_NAME)";
				SWIFT_EMIT_LOC_STRINGS = NO;
				SWIFT_VERSION = 5.0;
				TARGETED_DEVICE_FAMILY = "1,2";
				TEST_HOST = "$(BUILT_PRODUCTS_DIR)/FireBase-Auth.app/$(BUNDLE_EXECUTABLE_FOLDER_PATH)/FireBase-Auth";
			};
			name = Debug;
		};
		E4E60EF92AE796DF00C4F1C4 /* Release */ = {
			isa = XCBuildConfiguration;
			buildSettings = {
				ALWAYS_EMBED_SWIFT_STANDARD_LIBRARIES = YES;
				BUNDLE_LOADER = "$(TEST_HOST)";
				CODE_SIGN_STYLE = Automatic;
				CURRENT_PROJECT_VERSION = 1;
				GENERATE_INFOPLIST_FILE = YES;
				IPHONEOS_DEPLOYMENT_TARGET = 17.0;
				MARKETING_VERSION = 1.0;
				PRODUCT_BUNDLE_IDENTIFIER = "Rutvik-Pipaliya.FireBase-AuthTests";
				PRODUCT_NAME = "$(TARGET_NAME)";
				SWIFT_EMIT_LOC_STRINGS = NO;
				SWIFT_VERSION = 5.0;
				TARGETED_DEVICE_FAMILY = "1,2";
				TEST_HOST = "$(BUILT_PRODUCTS_DIR)/FireBase-Auth.app/$(BUNDLE_EXECUTABLE_FOLDER_PATH)/FireBase-Auth";
			};
			name = Release;
		};
		E4E60EFB2AE796DF00C4F1C4 /* Debug */ = {
			isa = XCBuildConfiguration;
			buildSettings = {
				ALWAYS_EMBED_SWIFT_STANDARD_LIBRARIES = YES;
				CODE_SIGN_STYLE = Automatic;
				CURRENT_PROJECT_VERSION = 1;
				GENERATE_INFOPLIST_FILE = YES;
				MARKETING_VERSION = 1.0;
				PRODUCT_BUNDLE_IDENTIFIER = "Rutvik-Pipaliya.FireBase-AuthUITests";
				PRODUCT_NAME = "$(TARGET_NAME)";
				SWIFT_EMIT_LOC_STRINGS = NO;
				SWIFT_VERSION = 5.0;
				TARGETED_DEVICE_FAMILY = "1,2";
				TEST_TARGET_NAME = "FireBase-Auth";
			};
			name = Debug;
		};
		E4E60EFC2AE796DF00C4F1C4 /* Release */ = {
			isa = XCBuildConfiguration;
			buildSettings = {
				ALWAYS_EMBED_SWIFT_STANDARD_LIBRARIES = YES;
				CODE_SIGN_STYLE = Automatic;
				CURRENT_PROJECT_VERSION = 1;
				GENERATE_INFOPLIST_FILE = YES;
				MARKETING_VERSION = 1.0;
				PRODUCT_BUNDLE_IDENTIFIER = "Rutvik-Pipaliya.FireBase-AuthUITests";
				PRODUCT_NAME = "$(TARGET_NAME)";
				SWIFT_EMIT_LOC_STRINGS = NO;
				SWIFT_VERSION = 5.0;
				TARGETED_DEVICE_FAMILY = "1,2";
				TEST_TARGET_NAME = "FireBase-Auth";
			};
			name = Release;
		};
/* End XCBuildConfiguration section */

/* Begin XCConfigurationList section */
		E4E60EC52AE796DE00C4F1C4 /* Build configuration list for PBXProject "FireBase-Auth" */ = {
			isa = XCConfigurationList;
			buildConfigurations = (
				E4E60EF22AE796DF00C4F1C4 /* Debug */,
				E4E60EF32AE796DF00C4F1C4 /* Release */,
			);
			defaultConfigurationIsVisible = 0;
			defaultConfigurationName = Release;
		};
		E4E60EF42AE796DF00C4F1C4 /* Build configuration list for PBXNativeTarget "FireBase-Auth" */ = {
			isa = XCConfigurationList;
			buildConfigurations = (
				E4E60EF52AE796DF00C4F1C4 /* Debug */,
				E4E60EF62AE796DF00C4F1C4 /* Release */,
			);
			defaultConfigurationIsVisible = 0;
			defaultConfigurationName = Release;
		};
		E4E60EF72AE796DF00C4F1C4 /* Build configuration list for PBXNativeTarget "FireBase-AuthTests" */ = {
			isa = XCConfigurationList;
			buildConfigurations = (
				E4E60EF82AE796DF00C4F1C4 /* Debug */,
				E4E60EF92AE796DF00C4F1C4 /* Release */,
			);
			defaultConfigurationIsVisible = 0;
			defaultConfigurationName = Release;
		};
		E4E60EFA2AE796DF00C4F1C4 /* Build configuration list for PBXNativeTarget "FireBase-AuthUITests" */ = {
			isa = XCConfigurationList;
			buildConfigurations = (
				E4E60EFB2AE796DF00C4F1C4 /* Debug */,
				E4E60EFC2AE796DF00C4F1C4 /* Release */,
			);
			defaultConfigurationIsVisible = 0;
			defaultConfigurationName = Release;
		};
/* End XCConfigurationList section */

/* Begin XCRemoteSwiftPackageReference section */
		E46FD28F2AE7F94B005C173A /* XCRemoteSwiftPackageReference "firebase-ios-sdk" */ = {
			isa = XCRemoteSwiftPackageReference;
			repositoryURL = "https://github.com/firebase/firebase-ios-sdk";
			requirement = {
				kind = upToNextMajorVersion;
				minimumVersion = 10.16.0;
			};
		};
/* End XCRemoteSwiftPackageReference section */

/* Begin XCSwiftPackageProductDependency section */
		E46FD2912AE7F9A0005C173A /* FirebaseAuth */ = {
			isa = XCSwiftPackageProductDependency;
			package = E46FD28F2AE7F94B005C173A /* XCRemoteSwiftPackageReference "firebase-ios-sdk" */;
			productName = FirebaseAuth;
		};
/* End XCSwiftPackageProductDependency section */
	};
	rootObject = E4E60EC22AE796DE00C4F1C4 /* Project object */;
}
