// !$*UTF8*$!
{
	archiveVersion = 1;
	classes = {
	};
	objectVersion = 56;
	objects = {

/* Begin PBXBuildFile section */
		E43C4EA82A80B88B004D3927 /* AppDelegate.swift in Sources */ = {isa = PBXBuildFile; fileRef = E43C4EA72A80B88B004D3927 /* AppDelegate.swift */; };
		E43C4EAA2A80B88B004D3927 /* SceneDelegate.swift in Sources */ = {isa = PBXBuildFile; fileRef = E43C4EA92A80B88B004D3927 /* SceneDelegate.swift */; };
		E43C4EAC2A80B88B004D3927 /* ViewController.swift in Sources */ = {isa = PBXBuildFile; fileRef = E43C4EAB2A80B88B004D3927 /* ViewController.swift */; };
		E43C4EAF2A80B88B004D3927 /* Main.storyboard in Resources */ = {isa = PBXBuildFile; fileRef = E43C4EAD2A80B88B004D3927 /* Main.storyboard */; };
		E43C4EB22A80B88B004D3927 /* NvigationWithTab.xcdatamodeld in Sources */ = {isa = PBXBuildFile; fileRef = E43C4EB02A80B88B004D3927 /* NvigationWithTab.xcdatamodeld */; };
		E43C4EB42A80B88B004D3927 /* Assets.xcassets in Resources */ = {isa = PBXBuildFile; fileRef = E43C4EB32A80B88B004D3927 /* Assets.xcassets */; };
		E43C4EB72A80B88B004D3927 /* LaunchScreen.storyboard in Resources */ = {isa = PBXBuildFile; fileRef = E43C4EB52A80B88B004D3927 /* LaunchScreen.storyboard */; };
		E43C4EBF2A80B8FA004D3927 /* SecondViewController.swift in Sources */ = {isa = PBXBuildFile; fileRef = E43C4EBE2A80B8FA004D3927 /* SecondViewController.swift */; };
		E43C4EC12A80B90B004D3927 /* ThirdViewController.swift in Sources */ = {isa = PBXBuildFile; fileRef = E43C4EC02A80B90B004D3927 /* ThirdViewController.swift */; };
		E43C4EC32A80B919004D3927 /* FourthViewController.swift in Sources */ = {isa = PBXBuildFile; fileRef = E43C4EC22A80B919004D3927 /* FourthViewController.swift */; };
		E43C4EC52A80B923004D3927 /* FifthViewController.swift in Sources */ = {isa = PBXBuildFile; fileRef = E43C4EC42A80B923004D3927 /* FifthViewController.swift */; };
/* End PBXBuildFile section */

/* Begin PBXFileReference section */
		E43C4EA42A80B88B004D3927 /* NvigationWithTab.app */ = {isa = PBXFileReference; explicitFileType = wrapper.application; includeInIndex = 0; path = NvigationWithTab.app; sourceTree = BUILT_PRODUCTS_DIR; };
		E43C4EA72A80B88B004D3927 /* AppDelegate.swift */ = {isa = PBXFileReference; lastKnownFileType = sourcecode.swift; path = AppDelegate.swift; sourceTree = "<group>"; };
		E43C4EA92A80B88B004D3927 /* SceneDelegate.swift */ = {isa = PBXFileReference; lastKnownFileType = sourcecode.swift; path = SceneDelegate.swift; sourceTree = "<group>"; };
		E43C4EAB2A80B88B004D3927 /* ViewController.swift */ = {isa = PBXFileReference; lastKnownFileType = sourcecode.swift; path = ViewController.swift; sourceTree = "<group>"; };
		E43C4EAE2A80B88B004D3927 /* Base */ = {isa = PBXFileReference; lastKnownFileType = file.storyboard; name = Base; path = Base.lproj/Main.storyboard; sourceTree = "<group>"; };
		E43C4EB12A80B88B004D3927 /* NvigationWithTab.xcdatamodel */ = {isa = PBXFileReference; lastKnownFileType = wrapper.xcdatamodel; path = NvigationWithTab.xcdatamodel; sourceTree = "<group>"; };
		E43C4EB32A80B88B004D3927 /* Assets.xcassets */ = {isa = PBXFileReference; lastKnownFileType = folder.assetcatalog; path = Assets.xcassets; sourceTree = "<group>"; };
		E43C4EB62A80B88B004D3927 /* Base */ = {isa = PBXFileReference; lastKnownFileType = file.storyboard; name = Base; path = Base.lproj/LaunchScreen.storyboard; sourceTree = "<group>"; };
		E43C4EB82A80B88B004D3927 /* Info.plist */ = {isa = PBXFileReference; lastKnownFileType = text.plist.xml; path = Info.plist; sourceTree = "<group>"; };
		E43C4EBE2A80B8FA004D3927 /* SecondViewController.swift */ = {isa = PBXFileReference; lastKnownFileType = sourcecode.swift; path = SecondViewController.swift; sourceTree = "<group>"; };
		E43C4EC02A80B90B004D3927 /* ThirdViewController.swift */ = {isa = PBXFileReference; lastKnownFileType = sourcecode.swift; path = ThirdViewController.swift; sourceTree = "<group>"; };
		E43C4EC22A80B919004D3927 /* FourthViewController.swift */ = {isa = PBXFileReference; lastKnownFileType = sourcecode.swift; path = FourthViewController.swift; sourceTree = "<group>"; };
		E43C4EC42A80B923004D3927 /* FifthViewController.swift */ = {isa = PBXFileReference; lastKnownFileType = sourcecode.swift; path = FifthViewController.swift; sourceTree = "<group>"; };
/* End PBXFileReference section */

/* Begin PBXFrameworksBuildPhase section */
		E43C4EA12A80B88B004D3927 /* Frameworks */ = {
			isa = PBXFrameworksBuildPhase;
			buildActionMask = 2147483647;
			files = (
			);
			runOnlyForDeploymentPostprocessing = 0;
		};
/* End PBXFrameworksBuildPhase section */

/* Begin PBXGroup section */
		E43C4E9B2A80B88B004D3927 = {
			isa = PBXGroup;
			children = (
				E43C4EA62A80B88B004D3927 /* NvigationWithTab */,
				E43C4EA52A80B88B004D3927 /* Products */,
			);
			sourceTree = "<group>";
		};
		E43C4EA52A80B88B004D3927 /* Products */ = {
			isa = PBXGroup;
			children = (
				E43C4EA42A80B88B004D3927 /* NvigationWithTab.app */,
			);
			name = Products;
			sourceTree = "<group>";
		};
		E43C4EA62A80B88B004D3927 /* NvigationWithTab */ = {
			isa = PBXGroup;
			children = (
				E43C4EA72A80B88B004D3927 /* AppDelegate.swift */,
				E43C4EA92A80B88B004D3927 /* SceneDelegate.swift */,
				E43C4EAB2A80B88B004D3927 /* ViewController.swift */,
				E43C4EBE2A80B8FA004D3927 /* SecondViewController.swift */,
				E43C4EC02A80B90B004D3927 /* ThirdViewController.swift */,
				E43C4EC22A80B919004D3927 /* FourthViewController.swift */,
				E43C4EC42A80B923004D3927 /* FifthViewController.swift */,
				E43C4EAD2A80B88B004D3927 /* Main.storyboard */,
				E43C4EB32A80B88B004D3927 /* Assets.xcassets */,
				E43C4EB52A80B88B004D3927 /* LaunchScreen.storyboard */,
				E43C4EB82A80B88B004D3927 /* Info.plist */,
				E43C4EB02A80B88B004D3927 /* NvigationWithTab.xcdatamodeld */,
			);
			path = NvigationWithTab;
			sourceTree = "<group>";
		};
/* End PBXGroup section */

/* Begin PBXNativeTarget section */
		E43C4EA32A80B88B004D3927 /* NvigationWithTab */ = {
			isa = PBXNativeTarget;
			buildConfigurationList = E43C4EBB2A80B88B004D3927 /* Build configuration list for PBXNativeTarget "NvigationWithTab" */;
			buildPhases = (
				E43C4EA02A80B88B004D3927 /* Sources */,
				E43C4EA12A80B88B004D3927 /* Frameworks */,
				E43C4EA22A80B88B004D3927 /* Resources */,
			);
			buildRules = (
			);
			dependencies = (
			);
			name = NvigationWithTab;
			productName = NvigationWithTab;
			productReference = E43C4EA42A80B88B004D3927 /* NvigationWithTab.app */;
			productType = "com.apple.product-type.application";
		};
/* End PBXNativeTarget section */

/* Begin PBXProject section */
		E43C4E9C2A80B88B004D3927 /* Project object */ = {
			isa = PBXProject;
			attributes = {
				BuildIndependentTargetsInParallel = 1;
				LastSwiftUpdateCheck = 1430;
				LastUpgradeCheck = 1430;
				TargetAttributes = {
					E43C4EA32A80B88B004D3927 = {
						CreatedOnToolsVersion = 14.3;
					};
				};
			};
			buildConfigurationList = E43C4E9F2A80B88B004D3927 /* Build configuration list for PBXProject "NvigationWithTab" */;
			compatibilityVersion = "Xcode 14.0";
			developmentRegion = en;
			hasScannedForEncodings = 0;
			knownRegions = (
				en,
				Base,
			);
			mainGroup = E43C4E9B2A80B88B004D3927;
			productRefGroup = E43C4EA52A80B88B004D3927 /* Products */;
			projectDirPath = "";
			projectRoot = "";
			targets = (
				E43C4EA32A80B88B004D3927 /* NvigationWithTab */,
			);
		};
/* End PBXProject section */

/* Begin PBXResourcesBuildPhase section */
		E43C4EA22A80B88B004D3927 /* Resources */ = {
			isa = PBXResourcesBuildPhase;
			buildActionMask = 2147483647;
			files = (
				E43C4EB72A80B88B004D3927 /* LaunchScreen.storyboard in Resources */,
				E43C4EB42A80B88B004D3927 /* Assets.xcassets in Resources */,
				E43C4EAF2A80B88B004D3927 /* Main.storyboard in Resources */,
			);
			runOnlyForDeploymentPostprocessing = 0;
		};
/* End PBXResourcesBuildPhase section */

/* Begin PBXSourcesBuildPhase section */
		E43C4EA02A80B88B004D3927 /* Sources */ = {
			isa = PBXSourcesBuildPhase;
			buildActionMask = 2147483647;
			files = (
				E43C4EAC2A80B88B004D3927 /* ViewController.swift in Sources */,
				E43C4EA82A80B88B004D3927 /* AppDelegate.swift in Sources */,
				E43C4EAA2A80B88B004D3927 /* SceneDelegate.swift in Sources */,
				E43C4EC32A80B919004D3927 /* FourthViewController.swift in Sources */,
				E43C4EC52A80B923004D3927 /* FifthViewController.swift in Sources */,
				E43C4EBF2A80B8FA004D3927 /* SecondViewController.swift in Sources */,
				E43C4EC12A80B90B004D3927 /* ThirdViewController.swift in Sources */,
				E43C4EB22A80B88B004D3927 /* NvigationWithTab.xcdatamodeld in Sources */,
			);
			runOnlyForDeploymentPostprocessing = 0;
		};
/* End PBXSourcesBuildPhase section */

/* Begin PBXVariantGroup section */
		E43C4EAD2A80B88B004D3927 /* Main.storyboard */ = {
			isa = PBXVariantGroup;
			children = (
				E43C4EAE2A80B88B004D3927 /* Base */,
			);
			name = Main.storyboard;
			sourceTree = "<group>";
		};
		E43C4EB52A80B88B004D3927 /* LaunchScreen.storyboard */ = {
			isa = PBXVariantGroup;
			children = (
				E43C4EB62A80B88B004D3927 /* Base */,
			);
			name = LaunchScreen.storyboard;
			sourceTree = "<group>";
		};
/* End PBXVariantGroup section */

/* Begin XCBuildConfiguration section */
		E43C4EB92A80B88B004D3927 /* Debug */ = {
			isa = XCBuildConfiguration;
			buildSettings = {
				ALWAYS_SEARCH_USER_PATHS = NO;
				CLANG_ANALYZER_NONNULL = YES;
				CLANG_ANALYZER_NUMBER_OBJECT_CONVERSION = YES_AGGRESSIVE;
				CLANG_CXX_LANGUAGE_STANDARD = "gnu++20";
				CLANG_ENABLE_MODULES = YES;
				CLANG_ENABLE_OBJC_ARC = YES;
				CLANG_ENABLE_OBJC_WEAK = YES;
				CLANG_WARN_BLOCK_CAPTURE_AUTORELEASING = YES;
				CLANG_WARN_BOOL_CONVERSION = YES;
				CLANG_WARN_COMMA = YES;
				CLANG_WARN_CONSTANT_CONVERSION = YES;
				CLANG_WARN_DEPRECATED_OBJC_IMPLEMENTATIONS = YES;
				CLANG_WARN_DIRECT_OBJC_ISA_USAGE = YES_ERROR;
				CLANG_WARN_DOCUMENTATION_COMMENTS = YES;
				CLANG_WARN_EMPTY_BODY = YES;
				CLANG_WARN_ENUM_CONVERSION = YES;
				CLANG_WARN_INFINITE_RECURSION = YES;
				CLANG_WARN_INT_CONVERSION = YES;
				CLANG_WARN_NON_LITERAL_NULL_CONVERSION = YES;
				CLANG_WARN_OBJC_IMPLICIT_RETAIN_SELF = YES;
				CLANG_WARN_OBJC_LITERAL_CONVERSION = YES;
				CLANG_WARN_OBJC_ROOT_CLASS = YES_ERROR;
				CLANG_WARN_QUOTED_INCLUDE_IN_FRAMEWORK_HEADER = YES;
				CLANG_WARN_RANGE_LOOP_ANALYSIS = YES;
				CLANG_WARN_STRICT_PROTOTYPES = YES;
				CLANG_WARN_SUSPICIOUS_MOVE = YES;
				CLANG_WARN_UNGUARDED_AVAILABILITY = YES_AGGRESSIVE;
				CLANG_WARN_UNREACHABLE_CODE = YES;
				CLANG_WARN__DUPLICATE_METHOD_MATCH = YES;
				COPY_PHASE_STRIP = NO;
				DEBUG_INFORMATION_FORMAT = dwarf;
				ENABLE_STRICT_OBJC_MSGSEND = YES;
				ENABLE_TESTABILITY = YES;
				GCC_C_LANGUAGE_STANDARD = gnu11;
				GCC_DYNAMIC_NO_PIC = NO;
				GCC_NO_COMMON_BLOCKS = YES;
				GCC_OPTIMIZATION_LEVEL = 0;
				GCC_PREPROCESSOR_DEFINITIONS = (
					"DEBUG=1",
					"$(inherited)",
				);
				GCC_WARN_64_TO_32_BIT_CONVERSION = YES;
				GCC_WARN_ABOUT_RETURN_TYPE = YES_ERROR;
				GCC_WARN_UNDECLARED_SELECTOR = YES;
				GCC_WARN_UNINITIALIZED_AUTOS = YES_AGGRESSIVE;
				GCC_WARN_UNUSED_FUNCTION = YES;
				GCC_WARN_UNUSED_VARIABLE = YES;
				IPHONEOS_DEPLOYMENT_TARGET = 16.4;
				MTL_ENABLE_DEBUG_INFO = INCLUDE_SOURCE;
				MTL_FAST_MATH = YES;
				ONLY_ACTIVE_ARCH = YES;
				SDKROOT = iphoneos;
				SWIFT_ACTIVE_COMPILATION_CONDITIONS = DEBUG;
				SWIFT_OPTIMIZATION_LEVEL = "-Onone";
			};
			name = Debug;
		};
		E43C4EBA2A80B88B004D3927 /* Release */ = {
			isa = XCBuildConfiguration;
			buildSettings = {
				ALWAYS_SEARCH_USER_PATHS = NO;
				CLANG_ANALYZER_NONNULL = YES;
				CLANG_ANALYZER_NUMBER_OBJECT_CONVERSION = YES_AGGRESSIVE;
				CLANG_CXX_LANGUAGE_STANDARD = "gnu++20";
				CLANG_ENABLE_MODULES = YES;
				CLANG_ENABLE_OBJC_ARC = YES;
				CLANG_ENABLE_OBJC_WEAK = YES;
				CLANG_WARN_BLOCK_CAPTURE_AUTORELEASING = YES;
				CLANG_WARN_BOOL_CONVERSION = YES;
				CLANG_WARN_COMMA = YES;
				CLANG_WARN_CONSTANT_CONVERSION = YES;
				CLANG_WARN_DEPRECATED_OBJC_IMPLEMENTATIONS = YES;
				CLANG_WARN_DIRECT_OBJC_ISA_USAGE = YES_ERROR;
				CLANG_WARN_DOCUMENTATION_COMMENTS = YES;
				CLANG_WARN_EMPTY_BODY = YES;
				CLANG_WARN_ENUM_CONVERSION = YES;
				CLANG_WARN_INFINITE_RECURSION = YES;
				CLANG_WARN_INT_CONVERSION = YES;
				CLANG_WARN_NON_LITERAL_NULL_CONVERSION = YES;
				CLANG_WARN_OBJC_IMPLICIT_RETAIN_SELF = YES;
				CLANG_WARN_OBJC_LITERAL_CONVERSION = YES;
				CLANG_WARN_OBJC_ROOT_CLASS = YES_ERROR;
				CLANG_WARN_QUOTED_INCLUDE_IN_FRAMEWORK_HEADER = YES;
				CLANG_WARN_RANGE_LOOP_ANALYSIS = YES;
				CLANG_WARN_STRICT_PROTOTYPES = YES;
				CLANG_WARN_SUSPICIOUS_MOVE = YES;
				CLANG_WARN_UNGUARDED_AVAILABILITY = YES_AGGRESSIVE;
				CLANG_WARN_UNREACHABLE_CODE = YES;
				CLANG_WARN__DUPLICATE_METHOD_MATCH = YES;
				COPY_PHASE_STRIP = NO;
				DEBUG_INFORMATION_FORMAT = "dwarf-with-dsym";
				ENABLE_NS_ASSERTIONS = NO;
				ENABLE_STRICT_OBJC_MSGSEND = YES;
				GCC_C_LANGUAGE_STANDARD = gnu11;
				GCC_NO_COMMON_BLOCKS = YES;
				GCC_WARN_64_TO_32_BIT_CONVERSION = YES;
				GCC_WARN_ABOUT_RETURN_TYPE = YES_ERROR;
				GCC_WARN_UNDECLARED_SELECTOR = YES;
				GCC_WARN_UNINITIALIZED_AUTOS = YES_AGGRESSIVE;
				GCC_WARN_UNUSED_FUNCTION = YES;
				GCC_WARN_UNUSED_VARIABLE = YES;
				IPHONEOS_DEPLOYMENT_TARGET = 16.4;
				MTL_ENABLE_DEBUG_INFO = NO;
				MTL_FAST_MATH = YES;
				SDKROOT = iphoneos;
				SWIFT_COMPILATION_MODE = wholemodule;
				SWIFT_OPTIMIZATION_LEVEL = "-O";
				VALIDATE_PRODUCT = YES;
			};
			name = Release;
		};
		E43C4EBC2A80B88B004D3927 /* Debug */ = {
			isa = XCBuildConfiguration;
			buildSettings = {
				ASSETCATALOG_COMPILER_APPICON_NAME = AppIcon;
				ASSETCATALOG_COMPILER_GLOBAL_ACCENT_COLOR_NAME = AccentColor;
				CODE_SIGN_STYLE = Automatic;
				CURRENT_PROJECT_VERSION = 1;
				GENERATE_INFOPLIST_FILE = YES;
				INFOPLIST_FILE = NvigationWithTab/Info.plist;
				INFOPLIST_KEY_UIApplicationSupportsIndirectInputEvents = YES;
				INFOPLIST_KEY_UILaunchStoryboardName = LaunchScreen;
				INFOPLIST_KEY_UIMainStoryboardFile = Main;
				INFOPLIST_KEY_UISupportedInterfaceOrientations_iPad = "UIInterfaceOrientationPortrait UIInterfaceOrientationPortraitUpsideDown UIInterfaceOrientationLandscapeLeft UIInterfaceOrientationLandscapeRight";
				INFOPLIST_KEY_UISupportedInterfaceOrientations_iPhone = "UIInterfaceOrientationPortrait UIInterfaceOrientationLandscapeLeft UIInterfaceOrientationLandscapeRight";
				LD_RUNPATH_SEARCH_PATHS = (
					"$(inherited)",
					"@executable_path/Frameworks",
				);
				MARKETING_VERSION = 1.0;
				PRODUCT_BUNDLE_IDENTIFIER = "jadeja-parikshitsinh.NvigationWithTab";
				PRODUCT_NAME = "$(TARGET_NAME)";
				SWIFT_EMIT_LOC_STRINGS = YES;
				SWIFT_VERSION = 5.0;
				TARGETED_DEVICE_FAMILY = "1,2";
			};
			name = Debug;
		};
		E43C4EBD2A80B88B004D3927 /* Release */ = {
			isa = XCBuildConfiguration;
			buildSettings = {
				ASSETCATALOG_COMPILER_APPICON_NAME = AppIcon;
				ASSETCATALOG_COMPILER_GLOBAL_ACCENT_COLOR_NAME = AccentColor;
				CODE_SIGN_STYLE = Automatic;
				CURRENT_PROJECT_VERSION = 1;
				GENERATE_INFOPLIST_FILE = YES;
				INFOPLIST_FILE = NvigationWithTab/Info.plist;
				INFOPLIST_KEY_UIApplicationSupportsIndirectInputEvents = YES;
				INFOPLIST_KEY_UILaunchStoryboardName = LaunchScreen;
				INFOPLIST_KEY_UIMainStoryboardFile = Main;
				INFOPLIST_KEY_UISupportedInterfaceOrientations_iPad = "UIInterfaceOrientationPortrait UIInterfaceOrientationPortraitUpsideDown UIInterfaceOrientationLandscapeLeft UIInterfaceOrientationLandscapeRight";
				INFOPLIST_KEY_UISupportedInterfaceOrientations_iPhone = "UIInterfaceOrientationPortrait UIInterfaceOrientationLandscapeLeft UIInterfaceOrientationLandscapeRight";
				LD_RUNPATH_SEARCH_PATHS = (
					"$(inherited)",
					"@executable_path/Frameworks",
				);
				MARKETING_VERSION = 1.0;
				PRODUCT_BUNDLE_IDENTIFIER = "jadeja-parikshitsinh.NvigationWithTab";
				PRODUCT_NAME = "$(TARGET_NAME)";
				SWIFT_EMIT_LOC_STRINGS = YES;
				SWIFT_VERSION = 5.0;
				TARGETED_DEVICE_FAMILY = "1,2";
			};
			name = Release;
		};
/* End XCBuildConfiguration section */

/* Begin XCConfigurationList section */
		E43C4E9F2A80B88B004D3927 /* Build configuration list for PBXProject "NvigationWithTab" */ = {
			isa = XCConfigurationList;
			buildConfigurations = (
				E43C4EB92A80B88B004D3927 /* Debug */,
				E43C4EBA2A80B88B004D3927 /* Release */,
			);
			defaultConfigurationIsVisible = 0;
			defaultConfigurationName = Release;
		};
		E43C4EBB2A80B88B004D3927 /* Build configuration list for PBXNativeTarget "NvigationWithTab" */ = {
			isa = XCConfigurationList;
			buildConfigurations = (
				E43C4EBC2A80B88B004D3927 /* Debug */,
				E43C4EBD2A80B88B004D3927 /* Release */,
			);
			defaultConfigurationIsVisible = 0;
			defaultConfigurationName = Release;
		};
/* End XCConfigurationList section */

/* Begin XCVersionGroup section */
		E43C4EB02A80B88B004D3927 /* NvigationWithTab.xcdatamodeld */ = {
			isa = XCVersionGroup;
			children = (
				E43C4EB12A80B88B004D3927 /* NvigationWithTab.xcdatamodel */,
			);
			currentVersion = E43C4EB12A80B88B004D3927 /* NvigationWithTab.xcdatamodel */;
			path = NvigationWithTab.xcdatamodeld;
			sourceTree = "<group>";
			versionGroupType = wrapper.xcdatamodel;
		};
/* End XCVersionGroup section */
	};
	rootObject = E43C4E9C2A80B88B004D3927 /* Project object */;
}
