// !$*UTF8*$!
{
	archiveVersion = 1;
	classes = {
	};
	objectVersion = 56;
	objects = {

/* Begin PBXBuildFile section */
		E4AAC9532A7E441100A87E68 /* AppDelegate.swift in Sources */ = {isa = PBXBuildFile; fileRef = E4AAC9522A7E441100A87E68 /* AppDelegate.swift */; };
		E4AAC9552A7E441100A87E68 /* SceneDelegate.swift in Sources */ = {isa = PBXBuildFile; fileRef = E4AAC9542A7E441100A87E68 /* SceneDelegate.swift */; };
		E4AAC9572A7E441100A87E68 /* ViewController.swift in Sources */ = {isa = PBXBuildFile; fileRef = E4AAC9562A7E441100A87E68 /* ViewController.swift */; };
		E4AAC95A2A7E441100A87E68 /* Main.storyboard in Resources */ = {isa = PBXBuildFile; fileRef = E4AAC9582A7E441100A87E68 /* Main.storyboard */; };
		E4AAC95D2A7E441100A87E68 /* Tap_bar.xcdatamodeld in Sources */ = {isa = PBXBuildFile; fileRef = E4AAC95B2A7E441100A87E68 /* Tap_bar.xcdatamodeld */; };
		E4AAC95F2A7E441200A87E68 /* Assets.xcassets in Resources */ = {isa = PBXBuildFile; fileRef = E4AAC95E2A7E441200A87E68 /* Assets.xcassets */; };
		E4AAC9622A7E441200A87E68 /* LaunchScreen.storyboard in Resources */ = {isa = PBXBuildFile; fileRef = E4AAC9602A7E441200A87E68 /* LaunchScreen.storyboard */; };
		E4AAC96A2A7E458B00A87E68 /* CollectionViewCell.swift in Sources */ = {isa = PBXBuildFile; fileRef = E4AAC9692A7E458B00A87E68 /* CollectionViewCell.swift */; };
		E4AAC96C2A7E4B9200A87E68 /* secondViewController.swift in Sources */ = {isa = PBXBuildFile; fileRef = E4AAC96B2A7E4B9200A87E68 /* secondViewController.swift */; };
		E4AAC96E2A7E4C0100A87E68 /* ThirdViewController.swift in Sources */ = {isa = PBXBuildFile; fileRef = E4AAC96D2A7E4C0100A87E68 /* ThirdViewController.swift */; };
		E4AAC9702A7E4E9000A87E68 /* TableViewCell.swift in Sources */ = {isa = PBXBuildFile; fileRef = E4AAC96F2A7E4E9000A87E68 /* TableViewCell.swift */; };
/* End PBXBuildFile section */

/* Begin PBXFileReference section */
		E4AAC94F2A7E441100A87E68 /* Tap bar.app */ = {isa = PBXFileReference; explicitFileType = wrapper.application; includeInIndex = 0; path = "Tap bar.app"; sourceTree = BUILT_PRODUCTS_DIR; };
		E4AAC9522A7E441100A87E68 /* AppDelegate.swift */ = {isa = PBXFileReference; lastKnownFileType = sourcecode.swift; path = AppDelegate.swift; sourceTree = "<group>"; };
		E4AAC9542A7E441100A87E68 /* SceneDelegate.swift */ = {isa = PBXFileReference; lastKnownFileType = sourcecode.swift; path = SceneDelegate.swift; sourceTree = "<group>"; };
		E4AAC9562A7E441100A87E68 /* ViewController.swift */ = {isa = PBXFileReference; lastKnownFileType = sourcecode.swift; path = ViewController.swift; sourceTree = "<group>"; };
		E4AAC9592A7E441100A87E68 /* Base */ = {isa = PBXFileReference; lastKnownFileType = file.storyboard; name = Base; path = Base.lproj/Main.storyboard; sourceTree = "<group>"; };
		E4AAC95C2A7E441100A87E68 /* Tap_bar.xcdatamodel */ = {isa = PBXFileReference; lastKnownFileType = wrapper.xcdatamodel; path = Tap_bar.xcdatamodel; sourceTree = "<group>"; };
		E4AAC95E2A7E441200A87E68 /* Assets.xcassets */ = {isa = PBXFileReference; lastKnownFileType = folder.assetcatalog; path = Assets.xcassets; sourceTree = "<group>"; };
		E4AAC9612A7E441200A87E68 /* Base */ = {isa = PBXFileReference; lastKnownFileType = file.storyboard; name = Base; path = Base.lproj/LaunchScreen.storyboard; sourceTree = "<group>"; };
		E4AAC9632A7E441200A87E68 /* Info.plist */ = {isa = PBXFileReference; lastKnownFileType = text.plist.xml; path = Info.plist; sourceTree = "<group>"; };
		E4AAC9692A7E458B00A87E68 /* CollectionViewCell.swift */ = {isa = PBXFileReference; lastKnownFileType = sourcecode.swift; path = CollectionViewCell.swift; sourceTree = "<group>"; };
		E4AAC96B2A7E4B9200A87E68 /* secondViewController.swift */ = {isa = PBXFileReference; lastKnownFileType = sourcecode.swift; path = secondViewController.swift; sourceTree = "<group>"; };
		E4AAC96D2A7E4C0100A87E68 /* ThirdViewController.swift */ = {isa = PBXFileReference; lastKnownFileType = sourcecode.swift; path = ThirdViewController.swift; sourceTree = "<group>"; };
		E4AAC96F2A7E4E9000A87E68 /* TableViewCell.swift */ = {isa = PBXFileReference; lastKnownFileType = sourcecode.swift; path = TableViewCell.swift; sourceTree = "<group>"; };
/* End PBXFileReference section */

/* Begin PBXFrameworksBuildPhase section */
		E4AAC94C2A7E441100A87E68 /* Frameworks */ = {
			isa = PBXFrameworksBuildPhase;
			buildActionMask = 2147483647;
			files = (
			);
			runOnlyForDeploymentPostprocessing = 0;
		};
/* End PBXFrameworksBuildPhase section */

/* Begin PBXGroup section */
		E4AAC9462A7E441100A87E68 = {
			isa = PBXGroup;
			children = (
				E4AAC9512A7E441100A87E68 /* Tap bar */,
				E4AAC9502A7E441100A87E68 /* Products */,
			);
			sourceTree = "<group>";
		};
		E4AAC9502A7E441100A87E68 /* Products */ = {
			isa = PBXGroup;
			children = (
				E4AAC94F2A7E441100A87E68 /* Tap bar.app */,
			);
			name = Products;
			sourceTree = "<group>";
		};
		E4AAC9512A7E441100A87E68 /* Tap bar */ = {
			isa = PBXGroup;
			children = (
				E4AAC9522A7E441100A87E68 /* AppDelegate.swift */,
				E4AAC9542A7E441100A87E68 /* SceneDelegate.swift */,
				E4AAC9562A7E441100A87E68 /* ViewController.swift */,
				E4AAC96B2A7E4B9200A87E68 /* secondViewController.swift */,
				E4AAC96D2A7E4C0100A87E68 /* ThirdViewController.swift */,
				E4AAC96F2A7E4E9000A87E68 /* TableViewCell.swift */,
				E4AAC9692A7E458B00A87E68 /* CollectionViewCell.swift */,
				E4AAC9582A7E441100A87E68 /* Main.storyboard */,
				E4AAC95E2A7E441200A87E68 /* Assets.xcassets */,
				E4AAC9602A7E441200A87E68 /* LaunchScreen.storyboard */,
				E4AAC9632A7E441200A87E68 /* Info.plist */,
				E4AAC95B2A7E441100A87E68 /* Tap_bar.xcdatamodeld */,
			);
			path = "Tap bar";
			sourceTree = "<group>";
		};
/* End PBXGroup section */

/* Begin PBXNativeTarget section */
		E4AAC94E2A7E441100A87E68 /* Tap bar */ = {
			isa = PBXNativeTarget;
			buildConfigurationList = E4AAC9662A7E441200A87E68 /* Build configuration list for PBXNativeTarget "Tap bar" */;
			buildPhases = (
				E4AAC94B2A7E441100A87E68 /* Sources */,
				E4AAC94C2A7E441100A87E68 /* Frameworks */,
				E4AAC94D2A7E441100A87E68 /* Resources */,
			);
			buildRules = (
			);
			dependencies = (
			);
			name = "Tap bar";
			productName = "Tap bar";
			productReference = E4AAC94F2A7E441100A87E68 /* Tap bar.app */;
			productType = "com.apple.product-type.application";
		};
/* End PBXNativeTarget section */

/* Begin PBXProject section */
		E4AAC9472A7E441100A87E68 /* Project object */ = {
			isa = PBXProject;
			attributes = {
				BuildIndependentTargetsInParallel = 1;
				LastSwiftUpdateCheck = 1430;
				LastUpgradeCheck = 1430;
				TargetAttributes = {
					E4AAC94E2A7E441100A87E68 = {
						CreatedOnToolsVersion = 14.3;
					};
				};
			};
			buildConfigurationList = E4AAC94A2A7E441100A87E68 /* Build configuration list for PBXProject "Tap bar copy" */;
			compatibilityVersion = "Xcode 14.0";
			developmentRegion = en;
			hasScannedForEncodings = 0;
			knownRegions = (
				en,
				Base,
			);
			mainGroup = E4AAC9462A7E441100A87E68;
			productRefGroup = E4AAC9502A7E441100A87E68 /* Products */;
			projectDirPath = "";
			projectRoot = "";
			targets = (
				E4AAC94E2A7E441100A87E68 /* Tap bar */,
			);
		};
/* End PBXProject section */

/* Begin PBXResourcesBuildPhase section */
		E4AAC94D2A7E441100A87E68 /* Resources */ = {
			isa = PBXResourcesBuildPhase;
			buildActionMask = 2147483647;
			files = (
				E4AAC9622A7E441200A87E68 /* LaunchScreen.storyboard in Resources */,
				E4AAC95F2A7E441200A87E68 /* Assets.xcassets in Resources */,
				E4AAC95A2A7E441100A87E68 /* Main.storyboard in Resources */,
			);
			runOnlyForDeploymentPostprocessing = 0;
		};
/* End PBXResourcesBuildPhase section */

/* Begin PBXSourcesBuildPhase section */
		E4AAC94B2A7E441100A87E68 /* Sources */ = {
			isa = PBXSourcesBuildPhase;
			buildActionMask = 2147483647;
			files = (
				E4AAC96A2A7E458B00A87E68 /* CollectionViewCell.swift in Sources */,
				E4AAC9702A7E4E9000A87E68 /* TableViewCell.swift in Sources */,
				E4AAC9572A7E441100A87E68 /* ViewController.swift in Sources */,
				E4AAC95D2A7E441100A87E68 /* Tap_bar.xcdatamodeld in Sources */,
				E4AAC96E2A7E4C0100A87E68 /* ThirdViewController.swift in Sources */,
				E4AAC9532A7E441100A87E68 /* AppDelegate.swift in Sources */,
				E4AAC96C2A7E4B9200A87E68 /* secondViewController.swift in Sources */,
				E4AAC9552A7E441100A87E68 /* SceneDelegate.swift in Sources */,
			);
			runOnlyForDeploymentPostprocessing = 0;
		};
/* End PBXSourcesBuildPhase section */

/* Begin PBXVariantGroup section */
		E4AAC9582A7E441100A87E68 /* Main.storyboard */ = {
			isa = PBXVariantGroup;
			children = (
				E4AAC9592A7E441100A87E68 /* Base */,
			);
			name = Main.storyboard;
			sourceTree = "<group>";
		};
		E4AAC9602A7E441200A87E68 /* LaunchScreen.storyboard */ = {
			isa = PBXVariantGroup;
			children = (
				E4AAC9612A7E441200A87E68 /* Base */,
			);
			name = LaunchScreen.storyboard;
			sourceTree = "<group>";
		};
/* End PBXVariantGroup section */

/* Begin XCBuildConfiguration section */
		E4AAC9642A7E441200A87E68 /* Debug */ = {
			isa = XCBuildConfiguration;
			buildSettings = {
				ALWAYS_SEARCH_USER_PATHS = NO;
				CLANG_ANALYZER_NONNULL = YES;
				CLANG_ANALYZER_NUMBER_OBJECT_CONVERSION = YES_AGGRESSIVE;
				CLANG_CXX_LANGUAGE_STANDARD = "gnu++20";
				CLANG_ENABLE_MODULES = YES;
				CLANG_ENABLE_OBJC_ARC = YES;
				CLANG_ENABLE_OBJC_WEAK = YES;
				CLANG_WARN_BLOCK_CAPTURE_AUTORELEASING = YES;
				CLANG_WARN_BOOL_CONVERSION = YES;
				CLANG_WARN_COMMA = YES;
				CLANG_WARN_CONSTANT_CONVERSION = YES;
				CLANG_WARN_DEPRECATED_OBJC_IMPLEMENTATIONS = YES;
				CLANG_WARN_DIRECT_OBJC_ISA_USAGE = YES_ERROR;
				CLANG_WARN_DOCUMENTATION_COMMENTS = YES;
				CLANG_WARN_EMPTY_BODY = YES;
				CLANG_WARN_ENUM_CONVERSION = YES;
				CLANG_WARN_INFINITE_RECURSION = YES;
				CLANG_WARN_INT_CONVERSION = YES;
				CLANG_WARN_NON_LITERAL_NULL_CONVERSION = YES;
				CLANG_WARN_OBJC_IMPLICIT_RETAIN_SELF = YES;
				CLANG_WARN_OBJC_LITERAL_CONVERSION = YES;
				CLANG_WARN_OBJC_ROOT_CLASS = YES_ERROR;
				CLANG_WARN_QUOTED_INCLUDE_IN_FRAMEWORK_HEADER = YES;
				CLANG_WARN_RANGE_LOOP_ANALYSIS = YES;
				CLANG_WARN_STRICT_PROTOTYPES = YES;
				CLANG_WARN_SUSPICIOUS_MOVE = YES;
				CLANG_WARN_UNGUARDED_AVAILABILITY = YES_AGGRESSIVE;
				CLANG_WARN_UNREACHABLE_CODE = YES;
				CLANG_WARN__DUPLICATE_METHOD_MATCH = YES;
				COPY_PHASE_STRIP = NO;
				DEBUG_INFORMATION_FORMAT = dwarf;
				ENABLE_STRICT_OBJC_MSGSEND = YES;
				ENABLE_TESTABILITY = YES;
				GCC_C_LANGUAGE_STANDARD = gnu11;
				GCC_DYNAMIC_NO_PIC = NO;
				GCC_NO_COMMON_BLOCKS = YES;
				GCC_OPTIMIZATION_LEVEL = 0;
				GCC_PREPROCESSOR_DEFINITIONS = (
					"DEBUG=1",
					"$(inherited)",
				);
				GCC_WARN_64_TO_32_BIT_CONVERSION = YES;
				GCC_WARN_ABOUT_RETURN_TYPE = YES_ERROR;
				GCC_WARN_UNDECLARED_SELECTOR = YES;
				GCC_WARN_UNINITIALIZED_AUTOS = YES_AGGRESSIVE;
				GCC_WARN_UNUSED_FUNCTION = YES;
				GCC_WARN_UNUSED_VARIABLE = YES;
				IPHONEOS_DEPLOYMENT_TARGET = 16.4;
				MTL_ENABLE_DEBUG_INFO = INCLUDE_SOURCE;
				MTL_FAST_MATH = YES;
				ONLY_ACTIVE_ARCH = YES;
				SDKROOT = iphoneos;
				SWIFT_ACTIVE_COMPILATION_CONDITIONS = DEBUG;
				SWIFT_OPTIMIZATION_LEVEL = "-Onone";
			};
			name = Debug;
		};
		E4AAC9652A7E441200A87E68 /* Release */ = {
			isa = XCBuildConfiguration;
			buildSettings = {
				ALWAYS_SEARCH_USER_PATHS = NO;
				CLANG_ANALYZER_NONNULL = YES;
				CLANG_ANALYZER_NUMBER_OBJECT_CONVERSION = YES_AGGRESSIVE;
				CLANG_CXX_LANGUAGE_STANDARD = "gnu++20";
				CLANG_ENABLE_MODULES = YES;
				CLANG_ENABLE_OBJC_ARC = YES;
				CLANG_ENABLE_OBJC_WEAK = YES;
				CLANG_WARN_BLOCK_CAPTURE_AUTORELEASING = YES;
				CLANG_WARN_BOOL_CONVERSION = YES;
				CLANG_WARN_COMMA = YES;
				CLANG_WARN_CONSTANT_CONVERSION = YES;
				CLANG_WARN_DEPRECATED_OBJC_IMPLEMENTATIONS = YES;
				CLANG_WARN_DIRECT_OBJC_ISA_USAGE = YES_ERROR;
				CLANG_WARN_DOCUMENTATION_COMMENTS = YES;
				CLANG_WARN_EMPTY_BODY = YES;
				CLANG_WARN_ENUM_CONVERSION = YES;
				CLANG_WARN_INFINITE_RECURSION = YES;
				CLANG_WARN_INT_CONVERSION = YES;
				CLANG_WARN_NON_LITERAL_NULL_CONVERSION = YES;
				CLANG_WARN_OBJC_IMPLICIT_RETAIN_SELF = YES;
				CLANG_WARN_OBJC_LITERAL_CONVERSION = YES;
				CLANG_WARN_OBJC_ROOT_CLASS = YES_ERROR;
				CLANG_WARN_QUOTED_INCLUDE_IN_FRAMEWORK_HEADER = YES;
				CLANG_WARN_RANGE_LOOP_ANALYSIS = YES;
				CLANG_WARN_STRICT_PROTOTYPES = YES;
				CLANG_WARN_SUSPICIOUS_MOVE = YES;
				CLANG_WARN_UNGUARDED_AVAILABILITY = YES_AGGRESSIVE;
				CLANG_WARN_UNREACHABLE_CODE = YES;
				CLANG_WARN__DUPLICATE_METHOD_MATCH = YES;
				COPY_PHASE_STRIP = NO;
				DEBUG_INFORMATION_FORMAT = "dwarf-with-dsym";
				ENABLE_NS_ASSERTIONS = NO;
				ENABLE_STRICT_OBJC_MSGSEND = YES;
				GCC_C_LANGUAGE_STANDARD = gnu11;
				GCC_NO_COMMON_BLOCKS = YES;
				GCC_WARN_64_TO_32_BIT_CONVERSION = YES;
				GCC_WARN_ABOUT_RETURN_TYPE = YES_ERROR;
				GCC_WARN_UNDECLARED_SELECTOR = YES;
				GCC_WARN_UNINITIALIZED_AUTOS = YES_AGGRESSIVE;
				GCC_WARN_UNUSED_FUNCTION = YES;
				GCC_WARN_UNUSED_VARIABLE = YES;
				IPHONEOS_DEPLOYMENT_TARGET = 16.4;
				MTL_ENABLE_DEBUG_INFO = NO;
				MTL_FAST_MATH = YES;
				SDKROOT = iphoneos;
				SWIFT_COMPILATION_MODE = wholemodule;
				SWIFT_OPTIMIZATION_LEVEL = "-O";
				VALIDATE_PRODUCT = YES;
			};
			name = Release;
		};
		E4AAC9672A7E441200A87E68 /* Debug */ = {
			isa = XCBuildConfiguration;
			buildSettings = {
				ASSETCATALOG_COMPILER_APPICON_NAME = AppIcon;
				ASSETCATALOG_COMPILER_GLOBAL_ACCENT_COLOR_NAME = AccentColor;
				CODE_SIGN_STYLE = Automatic;
				CURRENT_PROJECT_VERSION = 1;
				GENERATE_INFOPLIST_FILE = YES;
				INFOPLIST_FILE = "Tap bar/Info.plist";
				INFOPLIST_KEY_UIApplicationSupportsIndirectInputEvents = YES;
				INFOPLIST_KEY_UILaunchStoryboardName = LaunchScreen;
				INFOPLIST_KEY_UIMainStoryboardFile = Main;
				INFOPLIST_KEY_UISupportedInterfaceOrientations_iPad = "UIInterfaceOrientationPortrait UIInterfaceOrientationPortraitUpsideDown UIInterfaceOrientationLandscapeLeft UIInterfaceOrientationLandscapeRight";
				INFOPLIST_KEY_UISupportedInterfaceOrientations_iPhone = "UIInterfaceOrientationPortrait UIInterfaceOrientationLandscapeLeft UIInterfaceOrientationLandscapeRight";
				LD_RUNPATH_SEARCH_PATHS = (
					"$(inherited)",
					"@executable_path/Frameworks",
				);
				MARKETING_VERSION = 1.0;
				PRODUCT_BUNDLE_IDENTIFIER = "jadeja-parikshitsinh.Tap-bar";
				PRODUCT_NAME = "$(TARGET_NAME)";
				SWIFT_EMIT_LOC_STRINGS = YES;
				SWIFT_VERSION = 5.0;
				TARGETED_DEVICE_FAMILY = "1,2";
			};
			name = Debug;
		};
		E4AAC9682A7E441200A87E68 /* Release */ = {
			isa = XCBuildConfiguration;
			buildSettings = {
				ASSETCATALOG_COMPILER_APPICON_NAME = AppIcon;
				ASSETCATALOG_COMPILER_GLOBAL_ACCENT_COLOR_NAME = AccentColor;
				CODE_SIGN_STYLE = Automatic;
				CURRENT_PROJECT_VERSION = 1;
				GENERATE_INFOPLIST_FILE = YES;
				INFOPLIST_FILE = "Tap bar/Info.plist";
				INFOPLIST_KEY_UIApplicationSupportsIndirectInputEvents = YES;
				INFOPLIST_KEY_UILaunchStoryboardName = LaunchScreen;
				INFOPLIST_KEY_UIMainStoryboardFile = Main;
				INFOPLIST_KEY_UISupportedInterfaceOrientations_iPad = "UIInterfaceOrientationPortrait UIInterfaceOrientationPortraitUpsideDown UIInterfaceOrientationLandscapeLeft UIInterfaceOrientationLandscapeRight";
				INFOPLIST_KEY_UISupportedInterfaceOrientations_iPhone = "UIInterfaceOrientationPortrait UIInterfaceOrientationLandscapeLeft UIInterfaceOrientationLandscapeRight";
				LD_RUNPATH_SEARCH_PATHS = (
					"$(inherited)",
					"@executable_path/Frameworks",
				);
				MARKETING_VERSION = 1.0;
				PRODUCT_BUNDLE_IDENTIFIER = "jadeja-parikshitsinh.Tap-bar";
				PRODUCT_NAME = "$(TARGET_NAME)";
				SWIFT_EMIT_LOC_STRINGS = YES;
				SWIFT_VERSION = 5.0;
				TARGETED_DEVICE_FAMILY = "1,2";
			};
			name = Release;
		};
/* End XCBuildConfiguration section */

/* Begin XCConfigurationList section */
		E4AAC94A2A7E441100A87E68 /* Build configuration list for PBXProject "Tap bar copy" */ = {
			isa = XCConfigurationList;
			buildConfigurations = (
				E4AAC9642A7E441200A87E68 /* Debug */,
				E4AAC9652A7E441200A87E68 /* Release */,
			);
			defaultConfigurationIsVisible = 0;
			defaultConfigurationName = Release;
		};
		E4AAC9662A7E441200A87E68 /* Build configuration list for PBXNativeTarget "Tap bar" */ = {
			isa = XCConfigurationList;
			buildConfigurations = (
				E4AAC9672A7E441200A87E68 /* Debug */,
				E4AAC9682A7E441200A87E68 /* Release */,
			);
			defaultConfigurationIsVisible = 0;
			defaultConfigurationName = Release;
		};
/* End XCConfigurationList section */

/* Begin XCVersionGroup section */
		E4AAC95B2A7E441100A87E68 /* Tap_bar.xcdatamodeld */ = {
			isa = XCVersionGroup;
			children = (
				E4AAC95C2A7E441100A87E68 /* Tap_bar.xcdatamodel */,
			);
			currentVersion = E4AAC95C2A7E441100A87E68 /* Tap_bar.xcdatamodel */;
			path = Tap_bar.xcdatamodeld;
			sourceTree = "<group>";
			versionGroupType = wrapper.xcdatamodel;
		};
/* End XCVersionGroup section */
	};
	rootObject = E4AAC9472A7E441100A87E68 /* Project object */;
}
