// !$*UTF8*$!
{
	archiveVersion = 1;
	classes = {
	};
	objectVersion = 50;
	objects = {

/* Begin PBXBuildFile section */
		89C8FFC32A89F22200FAB278 /* AppDelegate.swift in Sources */ = {isa = PBXBuildFile; fileRef = 89C8FFC22A89F22200FAB278 /* AppDelegate.swift */; };
		89C8FFC52A89F22200FAB278 /* SceneDelegate.swift in Sources */ = {isa = PBXBuildFile; fileRef = 89C8FFC42A89F22200FAB278 /* SceneDelegate.swift */; };
		89C8FFC72A89F22200FAB278 /* ViewController.swift in Sources */ = {isa = PBXBuildFile; fileRef = 89C8FFC62A89F22200FAB278 /* ViewController.swift */; };
		89C8FFCA2A89F22200FAB278 /* Main.storyboard in Resources */ = {isa = PBXBuildFile; fileRef = 89C8FFC82A89F22200FAB278 /* Main.storyboard */; };
		89C8FFCC2A89F22300FAB278 /* Assets.xcassets in Resources */ = {isa = PBXBuildFile; fileRef = 89C8FFCB2A89F22300FAB278 /* Assets.xcassets */; };
		89C8FFCF2A89F22300FAB278 /* LaunchScreen.storyboard in Resources */ = {isa = PBXBuildFile; fileRef = 89C8FFCD2A89F22300FAB278 /* LaunchScreen.storyboard */; };
/* End PBXBuildFile section */

/* Begin PBXFileReference section */
		89C8FFBF2A89F22200FAB278 /* TextValid.app */ = {isa = PBXFileReference; explicitFileType = wrapper.application; includeInIndex = 0; path = TextValid.app; sourceTree = BUILT_PRODUCTS_DIR; };
		89C8FFC22A89F22200FAB278 /* AppDelegate.swift */ = {isa = PBXFileReference; lastKnownFileType = sourcecode.swift; path = AppDelegate.swift; sourceTree = "<group>"; };
		89C8FFC42A89F22200FAB278 /* SceneDelegate.swift */ = {isa = PBXFileReference; lastKnownFileType = sourcecode.swift; path = SceneDelegate.swift; sourceTree = "<group>"; };
		89C8FFC62A89F22200FAB278 /* ViewController.swift */ = {isa = PBXFileReference; lastKnownFileType = sourcecode.swift; path = ViewController.swift; sourceTree = "<group>"; };
		89C8FFC92A89F22200FAB278 /* Base */ = {isa = PBXFileReference; lastKnownFileType = file.storyboard; name = Base; path = Base.lproj/Main.storyboard; sourceTree = "<group>"; };
		89C8FFCB2A89F22300FAB278 /* Assets.xcassets */ = {isa = PBXFileReference; lastKnownFileType = folder.assetcatalog; path = Assets.xcassets; sourceTree = "<group>"; };
		89C8FFCE2A89F22300FAB278 /* Base */ = {isa = PBXFileReference; lastKnownFileType = file.storyboard; name = Base; path = Base.lproj/LaunchScreen.storyboard; sourceTree = "<group>"; };
		89C8FFD02A89F22300FAB278 /* Info.plist */ = {isa = PBXFileReference; lastKnownFileType = text.plist.xml; path = Info.plist; sourceTree = "<group>"; };
/* End PBXFileReference section */

/* Begin PBXFrameworksBuildPhase section */
		89C8FFBC2A89F22200FAB278 /* Frameworks */ = {
			isa = PBXFrameworksBuildPhase;
			buildActionMask = 2147483647;
			files = (
			);
			runOnlyForDeploymentPostprocessing = 0;
		};
/* End PBXFrameworksBuildPhase section */

/* Begin PBXGroup section */
		89C8FFB62A89F22200FAB278 = {
			isa = PBXGroup;
			children = (
				89C8FFC12A89F22200FAB278 /* TextValid */,
				89C8FFC02A89F22200FAB278 /* Products */,
			);
			sourceTree = "<group>";
		};
		89C8FFC02A89F22200FAB278 /* Products */ = {
			isa = PBXGroup;
			children = (
				89C8FFBF2A89F22200FAB278 /* TextValid.app */,
			);
			name = Products;
			sourceTree = "<group>";
		};
		89C8FFC12A89F22200FAB278 /* TextValid */ = {
			isa = PBXGroup;
			children = (
				89C8FFC22A89F22200FAB278 /* AppDelegate.swift */,
				89C8FFC42A89F22200FAB278 /* SceneDelegate.swift */,
				89C8FFC62A89F22200FAB278 /* ViewController.swift */,
				89C8FFC82A89F22200FAB278 /* Main.storyboard */,
				89C8FFCB2A89F22300FAB278 /* Assets.xcassets */,
				89C8FFCD2A89F22300FAB278 /* LaunchScreen.storyboard */,
				89C8FFD02A89F22300FAB278 /* Info.plist */,
			);
			path = TextValid;
			sourceTree = "<group>";
		};
/* End PBXGroup section */

/* Begin PBXNativeTarget section */
		89C8FFBE2A89F22200FAB278 /* TextValid */ = {
			isa = PBXNativeTarget;
			buildConfigurationList = 89C8FFD32A89F22300FAB278 /* Build configuration list for PBXNativeTarget "TextValid" */;
			buildPhases = (
				89C8FFBB2A89F22200FAB278 /* Sources */,
				89C8FFBC2A89F22200FAB278 /* Frameworks */,
				89C8FFBD2A89F22200FAB278 /* Resources */,
			);
			buildRules = (
			);
			dependencies = (
			);
			name = TextValid;
			productName = TextValid;
			productReference = 89C8FFBF2A89F22200FAB278 /* TextValid.app */;
			productType = "com.apple.product-type.application";
		};
/* End PBXNativeTarget section */

/* Begin PBXProject section */
		89C8FFB72A89F22200FAB278 /* Project object */ = {
			isa = PBXProject;
			attributes = {
				LastSwiftUpdateCheck = 1240;
				LastUpgradeCheck = 1240;
				TargetAttributes = {
					89C8FFBE2A89F22200FAB278 = {
						CreatedOnToolsVersion = 12.4;
					};
				};
			};
			buildConfigurationList = 89C8FFBA2A89F22200FAB278 /* Build configuration list for PBXProject "TextValid" */;
			compatibilityVersion = "Xcode 9.3";
			developmentRegion = en;
			hasScannedForEncodings = 0;
			knownRegions = (
				en,
				Base,
			);
			mainGroup = 89C8FFB62A89F22200FAB278;
			productRefGroup = 89C8FFC02A89F22200FAB278 /* Products */;
			projectDirPath = "";
			projectRoot = "";
			targets = (
				89C8FFBE2A89F22200FAB278 /* TextValid */,
			);
		};
/* End PBXProject section */

/* Begin PBXResourcesBuildPhase section */
		89C8FFBD2A89F22200FAB278 /* Resources */ = {
			isa = PBXResourcesBuildPhase;
			buildActionMask = 2147483647;
			files = (
				89C8FFCF2A89F22300FAB278 /* LaunchScreen.storyboard in Resources */,
				89C8FFCC2A89F22300FAB278 /* Assets.xcassets in Resources */,
				89C8FFCA2A89F22200FAB278 /* Main.storyboard in Resources */,
			);
			runOnlyForDeploymentPostprocessing = 0;
		};
/* End PBXResourcesBuildPhase section */

/* Begin PBXSourcesBuildPhase section */
		89C8FFBB2A89F22200FAB278 /* Sources */ = {
			isa = PBXSourcesBuildPhase;
			buildActionMask = 2147483647;
			files = (
				89C8FFC72A89F22200FAB278 /* ViewController.swift in Sources */,
				89C8FFC32A89F22200FAB278 /* AppDelegate.swift in Sources */,
				89C8FFC52A89F22200FAB278 /* SceneDelegate.swift in Sources */,
			);
			runOnlyForDeploymentPostprocessing = 0;
		};
/* End PBXSourcesBuildPhase section */

/* Begin PBXVariantGroup section */
		89C8FFC82A89F22200FAB278 /* Main.storyboard */ = {
			isa = PBXVariantGroup;
			children = (
				89C8FFC92A89F22200FAB278 /* Base */,
			);
			name = Main.storyboard;
			sourceTree = "<group>";
		};
		89C8FFCD2A89F22300FAB278 /* LaunchScreen.storyboard */ = {
			isa = PBXVariantGroup;
			children = (
				89C8FFCE2A89F22300FAB278 /* Base */,
			);
			name = LaunchScreen.storyboard;
			sourceTree = "<group>";
		};
/* End PBXVariantGroup section */

/* Begin XCBuildConfiguration section */
		89C8FFD12A89F22300FAB278 /* Debug */ = {
			isa = XCBuildConfiguration;
			buildSettings = {
				ALWAYS_SEARCH_USER_PATHS = NO;
				CLANG_ANALYZER_NONNULL = YES;
				CLANG_ANALYZER_NUMBER_OBJECT_CONVERSION = YES_AGGRESSIVE;
				CLANG_CXX_LANGUAGE_STANDARD = "gnu++14";
				CLANG_CXX_LIBRARY = "libc++";
				CLANG_ENABLE_MODULES = YES;
				CLANG_ENABLE_OBJC_ARC = YES;
				CLANG_ENABLE_OBJC_WEAK = YES;
				CLANG_WARN_BLOCK_CAPTURE_AUTORELEASING = YES;
				CLANG_WARN_BOOL_CONVERSION = YES;
				CLANG_WARN_COMMA = YES;
				CLANG_WARN_CONSTANT_CONVERSION = YES;
				CLANG_WARN_DEPRECATED_OBJC_IMPLEMENTATIONS = YES;
				CLANG_WARN_DIRECT_OBJC_ISA_USAGE = YES_ERROR;
				CLANG_WARN_DOCUMENTATION_COMMENTS = YES;
				CLANG_WARN_EMPTY_BODY = YES;
				CLANG_WARN_ENUM_CONVERSION = YES;
				CLANG_WARN_INFINITE_RECURSION = YES;
				CLANG_WARN_INT_CONVERSION = YES;
				CLANG_WARN_NON_LITERAL_NULL_CONVERSION = YES;
				CLANG_WARN_OBJC_IMPLICIT_RETAIN_SELF = YES;
				CLANG_WARN_OBJC_LITERAL_CONVERSION = YES;
				CLANG_WARN_OBJC_ROOT_CLASS = YES_ERROR;
				CLANG_WARN_QUOTED_INCLUDE_IN_FRAMEWORK_HEADER = YES;
				CLANG_WARN_RANGE_LOOP_ANALYSIS = YES;
				CLANG_WARN_STRICT_PROTOTYPES = YES;
				CLANG_WARN_SUSPICIOUS_MOVE = YES;
				CLANG_WARN_UNGUARDED_AVAILABILITY = YES_AGGRESSIVE;
				CLANG_WARN_UNREACHABLE_CODE = YES;
				CLANG_WARN__DUPLICATE_METHOD_MATCH = YES;
				COPY_PHASE_STRIP = NO;
				DEBUG_INFORMATION_FORMAT = dwarf;
				ENABLE_STRICT_OBJC_MSGSEND = YES;
				ENABLE_TESTABILITY = YES;
				GCC_C_LANGUAGE_STANDARD = gnu11;
				GCC_DYNAMIC_NO_PIC = NO;
				GCC_NO_COMMON_BLOCKS = YES;
				GCC_OPTIMIZATION_LEVEL = 0;
				GCC_PREPROCESSOR_DEFINITIONS = (
					"DEBUG=1",
					"$(inherited)",
				);
				GCC_WARN_64_TO_32_BIT_CONVERSION = YES;
				GCC_WARN_ABOUT_RETURN_TYPE = YES_ERROR;
				GCC_WARN_UNDECLARED_SELECTOR = YES;
				GCC_WARN_UNINITIALIZED_AUTOS = YES_AGGRESSIVE;
				GCC_WARN_UNUSED_FUNCTION = YES;
				GCC_WARN_UNUSED_VARIABLE = YES;
				IPHONEOS_DEPLOYMENT_TARGET = 14.4;
				MTL_ENABLE_DEBUG_INFO = INCLUDE_SOURCE;
				MTL_FAST_MATH = YES;
				ONLY_ACTIVE_ARCH = YES;
				SDKROOT = iphoneos;
				SWIFT_ACTIVE_COMPILATION_CONDITIONS = DEBUG;
				SWIFT_OPTIMIZATION_LEVEL = "-Onone";
			};
			name = Debug;
		};
		89C8FFD22A89F22300FAB278 /* Release */ = {
			isa = XCBuildConfiguration;
			buildSettings = {
				ALWAYS_SEARCH_USER_PATHS = NO;
				CLANG_ANALYZER_NONNULL = YES;
				CLANG_ANALYZER_NUMBER_OBJECT_CONVERSION = YES_AGGRESSIVE;
				CLANG_CXX_LANGUAGE_STANDARD = "gnu++14";
				CLANG_CXX_LIBRARY = "libc++";
				CLANG_ENABLE_MODULES = YES;
				CLANG_ENABLE_OBJC_ARC = YES;
				CLANG_ENABLE_OBJC_WEAK = YES;
				CLANG_WARN_BLOCK_CAPTURE_AUTORELEASING = YES;
				CLANG_WARN_BOOL_CONVERSION = YES;
				CLANG_WARN_COMMA = YES;
				CLANG_WARN_CONSTANT_CONVERSION = YES;
				CLANG_WARN_DEPRECATED_OBJC_IMPLEMENTATIONS = YES;
				CLANG_WARN_DIRECT_OBJC_ISA_USAGE = YES_ERROR;
				CLANG_WARN_DOCUMENTATION_COMMENTS = YES;
				CLANG_WARN_EMPTY_BODY = YES;
				CLANG_WARN_ENUM_CONVERSION = YES;
				CLANG_WARN_INFINITE_RECURSION = YES;
				CLANG_WARN_INT_CONVERSION = YES;
				CLANG_WARN_NON_LITERAL_NULL_CONVERSION = YES;
				CLANG_WARN_OBJC_IMPLICIT_RETAIN_SELF = YES;
				CLANG_WARN_OBJC_LITERAL_CONVERSION = YES;
				CLANG_WARN_OBJC_ROOT_CLASS = YES_ERROR;
				CLANG_WARN_QUOTED_INCLUDE_IN_FRAMEWORK_HEADER = YES;
				CLANG_WARN_RANGE_LOOP_ANALYSIS = YES;
				CLANG_WARN_STRICT_PROTOTYPES = YES;
				CLANG_WARN_SUSPICIOUS_MOVE = YES;
				CLANG_WARN_UNGUARDED_AVAILABILITY = YES_AGGRESSIVE;
				CLANG_WARN_UNREACHABLE_CODE = YES;
				CLANG_WARN__DUPLICATE_METHOD_MATCH = YES;
				COPY_PHASE_STRIP = NO;
				DEBUG_INFORMATION_FORMAT = "dwarf-with-dsym";
				ENABLE_NS_ASSERTIONS = NO;
				ENABLE_STRICT_OBJC_MSGSEND = YES;
				GCC_C_LANGUAGE_STANDARD = gnu11;
				GCC_NO_COMMON_BLOCKS = YES;
				GCC_WARN_64_TO_32_BIT_CONVERSION = YES;
				GCC_WARN_ABOUT_RETURN_TYPE = YES_ERROR;
				GCC_WARN_UNDECLARED_SELECTOR = YES;
				GCC_WARN_UNINITIALIZED_AUTOS = YES_AGGRESSIVE;
				GCC_WARN_UNUSED_FUNCTION = YES;
				GCC_WARN_UNUSED_VARIABLE = YES;
				IPHONEOS_DEPLOYMENT_TARGET = 14.4;
				MTL_ENABLE_DEBUG_INFO = NO;
				MTL_FAST_MATH = YES;
				SDKROOT = iphoneos;
				SWIFT_COMPILATION_MODE = wholemodule;
				SWIFT_OPTIMIZATION_LEVEL = "-O";
				VALIDATE_PRODUCT = YES;
			};
			name = Release;
		};
		89C8FFD42A89F22300FAB278 /* Debug */ = {
			isa = XCBuildConfiguration;
			buildSettings = {
				ASSETCATALOG_COMPILER_APPICON_NAME = AppIcon;
				ASSETCATALOG_COMPILER_GLOBAL_ACCENT_COLOR_NAME = AccentColor;
				CODE_SIGN_STYLE = Automatic;
				INFOPLIST_FILE = TextValid/Info.plist;
				LD_RUNPATH_SEARCH_PATHS = (
					"$(inherited)",
					"@executable_path/Frameworks",
				);
				PRODUCT_BUNDLE_IDENTIFIER = TOPS.TextValid;
				PRODUCT_NAME = "$(TARGET_NAME)";
				SWIFT_VERSION = 5.0;
				TARGETED_DEVICE_FAMILY = "1,2";
			};
			name = Debug;
		};
		89C8FFD52A89F22300FAB278 /* Release */ = {
			isa = XCBuildConfiguration;
			buildSettings = {
				ASSETCATALOG_COMPILER_APPICON_NAME = AppIcon;
				ASSETCATALOG_COMPILER_GLOBAL_ACCENT_COLOR_NAME = AccentColor;
				CODE_SIGN_STYLE = Automatic;
				INFOPLIST_FILE = TextValid/Info.plist;
				LD_RUNPATH_SEARCH_PATHS = (
					"$(inherited)",
					"@executable_path/Frameworks",
				);
				PRODUCT_BUNDLE_IDENTIFIER = TOPS.TextValid;
				PRODUCT_NAME = "$(TARGET_NAME)";
				SWIFT_VERSION = 5.0;
				TARGETED_DEVICE_FAMILY = "1,2";
			};
			name = Release;
		};
/* End XCBuildConfiguration section */

/* Begin XCConfigurationList section */
		89C8FFBA2A89F22200FAB278 /* Build configuration list for PBXProject "TextValid" */ = {
			isa = XCConfigurationList;
			buildConfigurations = (
				89C8FFD12A89F22300FAB278 /* Debug */,
				89C8FFD22A89F22300FAB278 /* Release */,
			);
			defaultConfigurationIsVisible = 0;
			defaultConfigurationName = Release;
		};
		89C8FFD32A89F22300FAB278 /* Build configuration list for PBXNativeTarget "TextValid" */ = {
			isa = XCConfigurationList;
			buildConfigurations = (
				89C8FFD42A89F22300FAB278 /* Debug */,
				89C8FFD52A89F22300FAB278 /* Release */,
			);
			defaultConfigurationIsVisible = 0;
			defaultConfigurationName = Release;
		};
/* End XCConfigurationList section */
	};
	rootObject = 89C8FFB72A89F22200FAB278 /* Project object */;
}
