// !$*UTF8*$!
{
	archiveVersion = 1;
	classes = {
	};
	objectVersion = 56;
	objects = {

/* Begin PBXBuildFile section */
		E4B5367A2A7F3F1400B37BA0 /* AppDelegate.swift in Sources */ = {isa = PBXBuildFile; fileRef = E4B536792A7F3F1400B37BA0 /* AppDelegate.swift */; };
		E4B5367C2A7F3F1400B37BA0 /* SceneDelegate.swift in Sources */ = {isa = PBXBuildFile; fileRef = E4B5367B2A7F3F1400B37BA0 /* SceneDelegate.swift */; };
		E4B5367E2A7F3F1400B37BA0 /* ViewController.swift in Sources */ = {isa = PBXBuildFile; fileRef = E4B5367D2A7F3F1400B37BA0 /* ViewController.swift */; };
		E4B536812A7F3F1400B37BA0 /* Main.storyboard in Resources */ = {isa = PBXBuildFile; fileRef = E4B5367F2A7F3F1400B37BA0 /* Main.storyboard */; };
		E4B536842A7F3F1400B37BA0 /* CollectionInCell.xcdatamodeld in Sources */ = {isa = PBXBuildFile; fileRef = E4B536822A7F3F1400B37BA0 /* CollectionInCell.xcdatamodeld */; };
		E4B536862A7F3F1500B37BA0 /* Assets.xcassets in Resources */ = {isa = PBXBuildFile; fileRef = E4B536852A7F3F1500B37BA0 /* Assets.xcassets */; };
		E4B536892A7F3F1500B37BA0 /* LaunchScreen.storyboard in Resources */ = {isa = PBXBuildFile; fileRef = E4B536872A7F3F1500B37BA0 /* LaunchScreen.storyboard */; };
		E4B536912A7F438700B37BA0 /* CollectionViewCell.swift in Sources */ = {isa = PBXBuildFile; fileRef = E4B536902A7F438700B37BA0 /* CollectionViewCell.swift */; };
		E4B536932A7F43C500B37BA0 /* TableViewCell.swift in Sources */ = {isa = PBXBuildFile; fileRef = E4B536922A7F43C500B37BA0 /* TableViewCell.swift */; };
		E4B536952A7F453F00B37BA0 /* data.swift in Sources */ = {isa = PBXBuildFile; fileRef = E4B536942A7F453F00B37BA0 /* data.swift */; };
/* End PBXBuildFile section */

/* Begin PBXFileReference section */
		E4B536762A7F3F1400B37BA0 /* CollectionInCell.app */ = {isa = PBXFileReference; explicitFileType = wrapper.application; includeInIndex = 0; path = CollectionInCell.app; sourceTree = BUILT_PRODUCTS_DIR; };
		E4B536792A7F3F1400B37BA0 /* AppDelegate.swift */ = {isa = PBXFileReference; lastKnownFileType = sourcecode.swift; path = AppDelegate.swift; sourceTree = "<group>"; };
		E4B5367B2A7F3F1400B37BA0 /* SceneDelegate.swift */ = {isa = PBXFileReference; lastKnownFileType = sourcecode.swift; path = SceneDelegate.swift; sourceTree = "<group>"; };
		E4B5367D2A7F3F1400B37BA0 /* ViewController.swift */ = {isa = PBXFileReference; lastKnownFileType = sourcecode.swift; path = ViewController.swift; sourceTree = "<group>"; };
		E4B536802A7F3F1400B37BA0 /* Base */ = {isa = PBXFileReference; lastKnownFileType = file.storyboard; name = Base; path = Base.lproj/Main.storyboard; sourceTree = "<group>"; };
		E4B536832A7F3F1400B37BA0 /* CollectionInCell.xcdatamodel */ = {isa = PBXFileReference; lastKnownFileType = wrapper.xcdatamodel; path = CollectionInCell.xcdatamodel; sourceTree = "<group>"; };
		E4B536852A7F3F1500B37BA0 /* Assets.xcassets */ = {isa = PBXFileReference; lastKnownFileType = folder.assetcatalog; path = Assets.xcassets; sourceTree = "<group>"; };
		E4B536882A7F3F1500B37BA0 /* Base */ = {isa = PBXFileReference; lastKnownFileType = file.storyboard; name = Base; path = Base.lproj/LaunchScreen.storyboard; sourceTree = "<group>"; };
		E4B5368A2A7F3F1500B37BA0 /* Info.plist */ = {isa = PBXFileReference; lastKnownFileType = text.plist.xml; path = Info.plist; sourceTree = "<group>"; };
		E4B536902A7F438700B37BA0 /* CollectionViewCell.swift */ = {isa = PBXFileReference; lastKnownFileType = sourcecode.swift; path = CollectionViewCell.swift; sourceTree = "<group>"; };
		E4B536922A7F43C500B37BA0 /* TableViewCell.swift */ = {isa = PBXFileReference; lastKnownFileType = sourcecode.swift; path = TableViewCell.swift; sourceTree = "<group>"; };
		E4B536942A7F453F00B37BA0 /* data.swift */ = {isa = PBXFileReference; lastKnownFileType = sourcecode.swift; path = data.swift; sourceTree = "<group>"; };
/* End PBXFileReference section */

/* Begin PBXFrameworksBuildPhase section */
		E4B536732A7F3F1400B37BA0 /* Frameworks */ = {
			isa = PBXFrameworksBuildPhase;
			buildActionMask = 2147483647;
			files = (
			);
			runOnlyForDeploymentPostprocessing = 0;
		};
/* End PBXFrameworksBuildPhase section */

/* Begin PBXGroup section */
		E4B5366D2A7F3F1400B37BA0 = {
			isa = PBXGroup;
			children = (
				E4B536782A7F3F1400B37BA0 /* CollectionInCell */,
				E4B536772A7F3F1400B37BA0 /* Products */,
			);
			sourceTree = "<group>";
		};
		E4B536772A7F3F1400B37BA0 /* Products */ = {
			isa = PBXGroup;
			children = (
				E4B536762A7F3F1400B37BA0 /* CollectionInCell.app */,
			);
			name = Products;
			sourceTree = "<group>";
		};
		E4B536782A7F3F1400B37BA0 /* CollectionInCell */ = {
			isa = PBXGroup;
			children = (
				E4B536792A7F3F1400B37BA0 /* AppDelegate.swift */,
				E4B5367B2A7F3F1400B37BA0 /* SceneDelegate.swift */,
				E4B5367D2A7F3F1400B37BA0 /* ViewController.swift */,
				E4B536902A7F438700B37BA0 /* CollectionViewCell.swift */,
				E4B536922A7F43C500B37BA0 /* TableViewCell.swift */,
				E4B536942A7F453F00B37BA0 /* data.swift */,
				E4B5367F2A7F3F1400B37BA0 /* Main.storyboard */,
				E4B536852A7F3F1500B37BA0 /* Assets.xcassets */,
				E4B536872A7F3F1500B37BA0 /* LaunchScreen.storyboard */,
				E4B5368A2A7F3F1500B37BA0 /* Info.plist */,
				E4B536822A7F3F1400B37BA0 /* CollectionInCell.xcdatamodeld */,
			);
			path = CollectionInCell;
			sourceTree = "<group>";
		};
/* End PBXGroup section */

/* Begin PBXNativeTarget section */
		E4B536752A7F3F1400B37BA0 /* CollectionInCell */ = {
			isa = PBXNativeTarget;
			buildConfigurationList = E4B5368D2A7F3F1500B37BA0 /* Build configuration list for PBXNativeTarget "CollectionInCell" */;
			buildPhases = (
				E4B536722A7F3F1400B37BA0 /* Sources */,
				E4B536732A7F3F1400B37BA0 /* Frameworks */,
				E4B536742A7F3F1400B37BA0 /* Resources */,
			);
			buildRules = (
			);
			dependencies = (
			);
			name = CollectionInCell;
			productName = CollectionInCell;
			productReference = E4B536762A7F3F1400B37BA0 /* CollectionInCell.app */;
			productType = "com.apple.product-type.application";
		};
/* End PBXNativeTarget section */

/* Begin PBXProject section */
		E4B5366E2A7F3F1400B37BA0 /* Project object */ = {
			isa = PBXProject;
			attributes = {
				BuildIndependentTargetsInParallel = 1;
				LastSwiftUpdateCheck = 1430;
				LastUpgradeCheck = 1430;
				TargetAttributes = {
					E4B536752A7F3F1400B37BA0 = {
						CreatedOnToolsVersion = 14.3;
					};
				};
			};
			buildConfigurationList = E4B536712A7F3F1400B37BA0 /* Build configuration list for PBXProject "CollectionInCell" */;
			compatibilityVersion = "Xcode 14.0";
			developmentRegion = en;
			hasScannedForEncodings = 0;
			knownRegions = (
				en,
				Base,
			);
			mainGroup = E4B5366D2A7F3F1400B37BA0;
			productRefGroup = E4B536772A7F3F1400B37BA0 /* Products */;
			projectDirPath = "";
			projectRoot = "";
			targets = (
				E4B536752A7F3F1400B37BA0 /* CollectionInCell */,
			);
		};
/* End PBXProject section */

/* Begin PBXResourcesBuildPhase section */
		E4B536742A7F3F1400B37BA0 /* Resources */ = {
			isa = PBXResourcesBuildPhase;
			buildActionMask = 2147483647;
			files = (
				E4B536892A7F3F1500B37BA0 /* LaunchScreen.storyboard in Resources */,
				E4B536862A7F3F1500B37BA0 /* Assets.xcassets in Resources */,
				E4B536812A7F3F1400B37BA0 /* Main.storyboard in Resources */,
			);
			runOnlyForDeploymentPostprocessing = 0;
		};
/* End PBXResourcesBuildPhase section */

/* Begin PBXSourcesBuildPhase section */
		E4B536722A7F3F1400B37BA0 /* Sources */ = {
			isa = PBXSourcesBuildPhase;
			buildActionMask = 2147483647;
			files = (
				E4B536912A7F438700B37BA0 /* CollectionViewCell.swift in Sources */,
				E4B536842A7F3F1400B37BA0 /* CollectionInCell.xcdatamodeld in Sources */,
				E4B5367E2A7F3F1400B37BA0 /* ViewController.swift in Sources */,
				E4B536932A7F43C500B37BA0 /* TableViewCell.swift in Sources */,
				E4B5367A2A7F3F1400B37BA0 /* AppDelegate.swift in Sources */,
				E4B536952A7F453F00B37BA0 /* data.swift in Sources */,
				E4B5367C2A7F3F1400B37BA0 /* SceneDelegate.swift in Sources */,
			);
			runOnlyForDeploymentPostprocessing = 0;
		};
/* End PBXSourcesBuildPhase section */

/* Begin PBXVariantGroup section */
		E4B5367F2A7F3F1400B37BA0 /* Main.storyboard */ = {
			isa = PBXVariantGroup;
			children = (
				E4B536802A7F3F1400B37BA0 /* Base */,
			);
			name = Main.storyboard;
			sourceTree = "<group>";
		};
		E4B536872A7F3F1500B37BA0 /* LaunchScreen.storyboard */ = {
			isa = PBXVariantGroup;
			children = (
				E4B536882A7F3F1500B37BA0 /* Base */,
			);
			name = LaunchScreen.storyboard;
			sourceTree = "<group>";
		};
/* End PBXVariantGroup section */

/* Begin XCBuildConfiguration section */
		E4B5368B2A7F3F1500B37BA0 /* Debug */ = {
			isa = XCBuildConfiguration;
			buildSettings = {
				ALWAYS_SEARCH_USER_PATHS = NO;
				CLANG_ANALYZER_NONNULL = YES;
				CLANG_ANALYZER_NUMBER_OBJECT_CONVERSION = YES_AGGRESSIVE;
				CLANG_CXX_LANGUAGE_STANDARD = "gnu++20";
				CLANG_ENABLE_MODULES = YES;
				CLANG_ENABLE_OBJC_ARC = YES;
				CLANG_ENABLE_OBJC_WEAK = YES;
				CLANG_WARN_BLOCK_CAPTURE_AUTORELEASING = YES;
				CLANG_WARN_BOOL_CONVERSION = YES;
				CLANG_WARN_COMMA = YES;
				CLANG_WARN_CONSTANT_CONVERSION = YES;
				CLANG_WARN_DEPRECATED_OBJC_IMPLEMENTATIONS = YES;
				CLANG_WARN_DIRECT_OBJC_ISA_USAGE = YES_ERROR;
				CLANG_WARN_DOCUMENTATION_COMMENTS = YES;
				CLANG_WARN_EMPTY_BODY = YES;
				CLANG_WARN_ENUM_CONVERSION = YES;
				CLANG_WARN_INFINITE_RECURSION = YES;
				CLANG_WARN_INT_CONVERSION = YES;
				CLANG_WARN_NON_LITERAL_NULL_CONVERSION = YES;
				CLANG_WARN_OBJC_IMPLICIT_RETAIN_SELF = YES;
				CLANG_WARN_OBJC_LITERAL_CONVERSION = YES;
				CLANG_WARN_OBJC_ROOT_CLASS = YES_ERROR;
				CLANG_WARN_QUOTED_INCLUDE_IN_FRAMEWORK_HEADER = YES;
				CLANG_WARN_RANGE_LOOP_ANALYSIS = YES;
				CLANG_WARN_STRICT_PROTOTYPES = YES;
				CLANG_WARN_SUSPICIOUS_MOVE = YES;
				CLANG_WARN_UNGUARDED_AVAILABILITY = YES_AGGRESSIVE;
				CLANG_WARN_UNREACHABLE_CODE = YES;
				CLANG_WARN__DUPLICATE_METHOD_MATCH = YES;
				COPY_PHASE_STRIP = NO;
				DEBUG_INFORMATION_FORMAT = dwarf;
				ENABLE_STRICT_OBJC_MSGSEND = YES;
				ENABLE_TESTABILITY = YES;
				GCC_C_LANGUAGE_STANDARD = gnu11;
				GCC_DYNAMIC_NO_PIC = NO;
				GCC_NO_COMMON_BLOCKS = YES;
				GCC_OPTIMIZATION_LEVEL = 0;
				GCC_PREPROCESSOR_DEFINITIONS = (
					"DEBUG=1",
					"$(inherited)",
				);
				GCC_WARN_64_TO_32_BIT_CONVERSION = YES;
				GCC_WARN_ABOUT_RETURN_TYPE = YES_ERROR;
				GCC_WARN_UNDECLARED_SELECTOR = YES;
				GCC_WARN_UNINITIALIZED_AUTOS = YES_AGGRESSIVE;
				GCC_WARN_UNUSED_FUNCTION = YES;
				GCC_WARN_UNUSED_VARIABLE = YES;
				IPHONEOS_DEPLOYMENT_TARGET = 16.4;
				MTL_ENABLE_DEBUG_INFO = INCLUDE_SOURCE;
				MTL_FAST_MATH = YES;
				ONLY_ACTIVE_ARCH = YES;
				SDKROOT = iphoneos;
				SWIFT_ACTIVE_COMPILATION_CONDITIONS = DEBUG;
				SWIFT_OPTIMIZATION_LEVEL = "-Onone";
			};
			name = Debug;
		};
		E4B5368C2A7F3F1500B37BA0 /* Release */ = {
			isa = XCBuildConfiguration;
			buildSettings = {
				ALWAYS_SEARCH_USER_PATHS = NO;
				CLANG_ANALYZER_NONNULL = YES;
				CLANG_ANALYZER_NUMBER_OBJECT_CONVERSION = YES_AGGRESSIVE;
				CLANG_CXX_LANGUAGE_STANDARD = "gnu++20";
				CLANG_ENABLE_MODULES = YES;
				CLANG_ENABLE_OBJC_ARC = YES;
				CLANG_ENABLE_OBJC_WEAK = YES;
				CLANG_WARN_BLOCK_CAPTURE_AUTORELEASING = YES;
				CLANG_WARN_BOOL_CONVERSION = YES;
				CLANG_WARN_COMMA = YES;
				CLANG_WARN_CONSTANT_CONVERSION = YES;
				CLANG_WARN_DEPRECATED_OBJC_IMPLEMENTATIONS = YES;
				CLANG_WARN_DIRECT_OBJC_ISA_USAGE = YES_ERROR;
				CLANG_WARN_DOCUMENTATION_COMMENTS = YES;
				CLANG_WARN_EMPTY_BODY = YES;
				CLANG_WARN_ENUM_CONVERSION = YES;
				CLANG_WARN_INFINITE_RECURSION = YES;
				CLANG_WARN_INT_CONVERSION = YES;
				CLANG_WARN_NON_LITERAL_NULL_CONVERSION = YES;
				CLANG_WARN_OBJC_IMPLICIT_RETAIN_SELF = YES;
				CLANG_WARN_OBJC_LITERAL_CONVERSION = YES;
				CLANG_WARN_OBJC_ROOT_CLASS = YES_ERROR;
				CLANG_WARN_QUOTED_INCLUDE_IN_FRAMEWORK_HEADER = YES;
				CLANG_WARN_RANGE_LOOP_ANALYSIS = YES;
				CLANG_WARN_STRICT_PROTOTYPES = YES;
				CLANG_WARN_SUSPICIOUS_MOVE = YES;
				CLANG_WARN_UNGUARDED_AVAILABILITY = YES_AGGRESSIVE;
				CLANG_WARN_UNREACHABLE_CODE = YES;
				CLANG_WARN__DUPLICATE_METHOD_MATCH = YES;
				COPY_PHASE_STRIP = NO;
				DEBUG_INFORMATION_FORMAT = "dwarf-with-dsym";
				ENABLE_NS_ASSERTIONS = NO;
				ENABLE_STRICT_OBJC_MSGSEND = YES;
				GCC_C_LANGUAGE_STANDARD = gnu11;
				GCC_NO_COMMON_BLOCKS = YES;
				GCC_WARN_64_TO_32_BIT_CONVERSION = YES;
				GCC_WARN_ABOUT_RETURN_TYPE = YES_ERROR;
				GCC_WARN_UNDECLARED_SELECTOR = YES;
				GCC_WARN_UNINITIALIZED_AUTOS = YES_AGGRESSIVE;
				GCC_WARN_UNUSED_FUNCTION = YES;
				GCC_WARN_UNUSED_VARIABLE = YES;
				IPHONEOS_DEPLOYMENT_TARGET = 16.4;
				MTL_ENABLE_DEBUG_INFO = NO;
				MTL_FAST_MATH = YES;
				SDKROOT = iphoneos;
				SWIFT_COMPILATION_MODE = wholemodule;
				SWIFT_OPTIMIZATION_LEVEL = "-O";
				VALIDATE_PRODUCT = YES;
			};
			name = Release;
		};
		E4B5368E2A7F3F1500B37BA0 /* Debug */ = {
			isa = XCBuildConfiguration;
			buildSettings = {
				ASSETCATALOG_COMPILER_APPICON_NAME = AppIcon;
				ASSETCATALOG_COMPILER_GLOBAL_ACCENT_COLOR_NAME = AccentColor;
				CODE_SIGN_STYLE = Automatic;
				CURRENT_PROJECT_VERSION = 1;
				GENERATE_INFOPLIST_FILE = YES;
				INFOPLIST_FILE = CollectionInCell/Info.plist;
				INFOPLIST_KEY_UIApplicationSupportsIndirectInputEvents = YES;
				INFOPLIST_KEY_UILaunchStoryboardName = LaunchScreen;
				INFOPLIST_KEY_UIMainStoryboardFile = Main;
				INFOPLIST_KEY_UISupportedInterfaceOrientations_iPad = "UIInterfaceOrientationPortrait UIInterfaceOrientationPortraitUpsideDown UIInterfaceOrientationLandscapeLeft UIInterfaceOrientationLandscapeRight";
				INFOPLIST_KEY_UISupportedInterfaceOrientations_iPhone = "UIInterfaceOrientationPortrait UIInterfaceOrientationLandscapeLeft UIInterfaceOrientationLandscapeRight";
				LD_RUNPATH_SEARCH_PATHS = (
					"$(inherited)",
					"@executable_path/Frameworks",
				);
				MARKETING_VERSION = 1.0;
				PRODUCT_BUNDLE_IDENTIFIER = "jadeja-parikshitsinh.CollectionInCell";
				PRODUCT_NAME = "$(TARGET_NAME)";
				SWIFT_EMIT_LOC_STRINGS = YES;
				SWIFT_VERSION = 5.0;
				TARGETED_DEVICE_FAMILY = "1,2";
			};
			name = Debug;
		};
		E4B5368F2A7F3F1500B37BA0 /* Release */ = {
			isa = XCBuildConfiguration;
			buildSettings = {
				ASSETCATALOG_COMPILER_APPICON_NAME = AppIcon;
				ASSETCATALOG_COMPILER_GLOBAL_ACCENT_COLOR_NAME = AccentColor;
				CODE_SIGN_STYLE = Automatic;
				CURRENT_PROJECT_VERSION = 1;
				GENERATE_INFOPLIST_FILE = YES;
				INFOPLIST_FILE = CollectionInCell/Info.plist;
				INFOPLIST_KEY_UIApplicationSupportsIndirectInputEvents = YES;
				INFOPLIST_KEY_UILaunchStoryboardName = LaunchScreen;
				INFOPLIST_KEY_UIMainStoryboardFile = Main;
				INFOPLIST_KEY_UISupportedInterfaceOrientations_iPad = "UIInterfaceOrientationPortrait UIInterfaceOrientationPortraitUpsideDown UIInterfaceOrientationLandscapeLeft UIInterfaceOrientationLandscapeRight";
				INFOPLIST_KEY_UISupportedInterfaceOrientations_iPhone = "UIInterfaceOrientationPortrait UIInterfaceOrientationLandscapeLeft UIInterfaceOrientationLandscapeRight";
				LD_RUNPATH_SEARCH_PATHS = (
					"$(inherited)",
					"@executable_path/Frameworks",
				);
				MARKETING_VERSION = 1.0;
				PRODUCT_BUNDLE_IDENTIFIER = "jadeja-parikshitsinh.CollectionInCell";
				PRODUCT_NAME = "$(TARGET_NAME)";
				SWIFT_EMIT_LOC_STRINGS = YES;
				SWIFT_VERSION = 5.0;
				TARGETED_DEVICE_FAMILY = "1,2";
			};
			name = Release;
		};
/* End XCBuildConfiguration section */

/* Begin XCConfigurationList section */
		E4B536712A7F3F1400B37BA0 /* Build configuration list for PBXProject "CollectionInCell" */ = {
			isa = XCConfigurationList;
			buildConfigurations = (
				E4B5368B2A7F3F1500B37BA0 /* Debug */,
				E4B5368C2A7F3F1500B37BA0 /* Release */,
			);
			defaultConfigurationIsVisible = 0;
			defaultConfigurationName = Release;
		};
		E4B5368D2A7F3F1500B37BA0 /* Build configuration list for PBXNativeTarget "CollectionInCell" */ = {
			isa = XCConfigurationList;
			buildConfigurations = (
				E4B5368E2A7F3F1500B37BA0 /* Debug */,
				E4B5368F2A7F3F1500B37BA0 /* Release */,
			);
			defaultConfigurationIsVisible = 0;
			defaultConfigurationName = Release;
		};
/* End XCConfigurationList section */

/* Begin XCVersionGroup section */
		E4B536822A7F3F1400B37BA0 /* CollectionInCell.xcdatamodeld */ = {
			isa = XCVersionGroup;
			children = (
				E4B536832A7F3F1400B37BA0 /* CollectionInCell.xcdatamodel */,
			);
			currentVersion = E4B536832A7F3F1400B37BA0 /* CollectionInCell.xcdatamodel */;
			path = CollectionInCell.xcdatamodeld;
			sourceTree = "<group>";
			versionGroupType = wrapper.xcdatamodel;
		};
/* End XCVersionGroup section */
	};
	rootObject = E4B5366E2A7F3F1400B37BA0 /* Project object */;
}
